// !$*UTF8*$!
{
	archiveVersion = 1;
	classes = {
	};
	objectVersion = 55;
	objects = {

/* Begin PBXBuildFile section */
		142A7216279075AC00500364 /* AddCardBottomSheet.storyboard in Resources */ = {isa = PBXBuildFile; fileRef = 142A7215279075AC00500364 /* AddCardBottomSheet.storyboard */; };
		142A7218279075CF00500364 /* AddCardBottomSheetViewController.swift in Sources */ = {isa = PBXBuildFile; fileRef = 142A7217279075CF00500364 /* AddCardBottomSheetViewController.swift */; };
		142A721A27915F3400500364 /* AddCardSymbolCollectionViewCell.swift in Sources */ = {isa = PBXBuildFile; fileRef = 142A721927915F3400500364 /* AddCardSymbolCollectionViewCell.swift */; };
		143E2D652793077400706038 /* AddCardCompletedViewController.storyboard in Resources */ = {isa = PBXBuildFile; fileRef = 143E2D642793077400706038 /* AddCardCompletedViewController.storyboard */; };
		143E2D672793079100706038 /* AddCardCompletedViewController.swift in Sources */ = {isa = PBXBuildFile; fileRef = 143E2D662793079100706038 /* AddCardCompletedViewController.swift */; };
		146DA7B12792A883006480F9 /* AddCardBottomSheetViewController+Extension.swift in Sources */ = {isa = PBXBuildFile; fileRef = 146DA7B02792A883006480F9 /* AddCardBottomSheetViewController+Extension.swift */; };
		14A17B89278F36EC00167ECE /* UILabel+.swift in Sources */ = {isa = PBXBuildFile; fileRef = 14A17B88278F36EC00167ECE /* UILabel+.swift */; };
		14A17B8F278F52B200167ECE /* AddCardViewController+Extension.swift in Sources */ = {isa = PBXBuildFile; fileRef = 14A17B8E278F52B200167ECE /* AddCardViewController+Extension.swift */; };
		14A5AFB6278E815A00B8BD84 /* AddCardViewController.swift in Sources */ = {isa = PBXBuildFile; fileRef = 14A5AFB5278E815A00B8BD84 /* AddCardViewController.swift */; };
		14A9327827945589006B4D86 /* JoinNameViewController.swift in Sources */ = {isa = PBXBuildFile; fileRef = 14A9327727945589006B4D86 /* JoinNameViewController.swift */; };
		14FA67C62793764D002FCDE5 /* JoinViewController.storyboard in Resources */ = {isa = PBXBuildFile; fileRef = 14FA67C52793764D002FCDE5 /* JoinViewController.storyboard */; };
		14FA67C827937660002FCDE5 /* JoinViewController.swift in Sources */ = {isa = PBXBuildFile; fileRef = 14FA67C727937660002FCDE5 /* JoinViewController.swift */; };
		15232FF3279356B400F37EB4 /* lottie_cardyou.json in Resources */ = {isa = PBXBuildFile; fileRef = 15232FF2279356B400F37EB4 /* lottie_cardyou.json */; };
		15232FF5279356B900F37EB4 /* lottie_cardme.json in Resources */ = {isa = PBXBuildFile; fileRef = 15232FF4279356B900F37EB4 /* lottie_cardme.json */; };
		15232FF7279356C000F37EB4 /* gif_confetti.json in Resources */ = {isa = PBXBuildFile; fileRef = 15232FF6279356C000F37EB4 /* gif_confetti.json */; };
		15232FFB2793613D00F37EB4 /* NetworkResult.swift in Sources */ = {isa = PBXBuildFile; fileRef = 15232FFA2793613D00F37EB4 /* NetworkResult.swift */; };
		15232FFD2793617F00F37EB4 /* MoyaLoggingPlugin.swift in Sources */ = {isa = PBXBuildFile; fileRef = 15232FFC2793617F00F37EB4 /* MoyaLoggingPlugin.swift */; };
		15232FFF2793669A00F37EB4 /* URLConstant.swift in Sources */ = {isa = PBXBuildFile; fileRef = 15232FFE2793669A00F37EB4 /* URLConstant.swift */; };
		15233001279366A300F37EB4 /* NetworkConstant.swift in Sources */ = {isa = PBXBuildFile; fileRef = 15233000279366A300F37EB4 /* NetworkConstant.swift */; };
		152330032793670B00F37EB4 /* BaseTargetType.swift in Sources */ = {isa = PBXBuildFile; fileRef = 152330022793670B00F37EB4 /* BaseTargetType.swift */; };
		15582F40278D7B2400C38614 /* CardCollectionViewCell.swift in Sources */ = {isa = PBXBuildFile; fileRef = 15582F3E278D7B2400C38614 /* CardCollectionViewCell.swift */; };
		15582F41278D7B2400C38614 /* CardCollectionViewCell.xib in Resources */ = {isa = PBXBuildFile; fileRef = 15582F3F278D7B2400C38614 /* CardCollectionViewCell.xib */; };
		158A2EEF27945FAC007C4163 /* GeneralResponse.swift in Sources */ = {isa = PBXBuildFile; fileRef = 158A2EEE27945FAC007C4163 /* GeneralResponse.swift */; };
		15A6EEB0278ECB2A006EA23C /* CardDetail.storyboard in Resources */ = {isa = PBXBuildFile; fileRef = 15A6EEAF278ECB2A006EA23C /* CardDetail.storyboard */; };
		15A6EEB2278ECB42006EA23C /* CardDetailViewController.swift in Sources */ = {isa = PBXBuildFile; fileRef = 15A6EEB1278ECB42006EA23C /* CardDetailViewController.swift */; };
		15A6EEB4278F1023006EA23C /* String+.swift in Sources */ = {isa = PBXBuildFile; fileRef = 15A6EEB3278F1023006EA23C /* String+.swift */; };
		15A6EEC6279066F6006EA23C /* SelectCard.storyboard in Resources */ = {isa = PBXBuildFile; fileRef = 15A6EEC5279066F6006EA23C /* SelectCard.storyboard */; };
		15A6EEC8279066FE006EA23C /* SelectCardViewController.swift in Sources */ = {isa = PBXBuildFile; fileRef = 15A6EEC7279066FE006EA23C /* SelectCardViewController.swift */; };
		15A6EECB27907201006EA23C /* SelectCardViewController+Extension.swift in Sources */ = {isa = PBXBuildFile; fileRef = 15A6EECA27907201006EA23C /* SelectCardViewController+Extension.swift */; };
		15A6EECD27907782006EA23C /* SelectCardHeaderCollectionReusableView.swift in Sources */ = {isa = PBXBuildFile; fileRef = 15A6EECC27907781006EA23C /* SelectCardHeaderCollectionReusableView.swift */; };
		15A6EED22791E7C3006EA23C /* SelectCardModalViewController.swift in Sources */ = {isa = PBXBuildFile; fileRef = 15A6EED12791E7C3006EA23C /* SelectCardModalViewController.swift */; };
		15A6EED42791EA8D006EA23C /* SelectCardModalViewController+Extension.swift in Sources */ = {isa = PBXBuildFile; fileRef = 15A6EED32791EA8D006EA23C /* SelectCardModalViewController+Extension.swift */; };
		15A6EED72791F87F006EA23C /* CardNotYetBox.storyboard in Resources */ = {isa = PBXBuildFile; fileRef = 15A6EED62791F87F006EA23C /* CardNotYetBox.storyboard */; };
		15A6EED92791F8BB006EA23C /* CardNotYetBoxViewController.swift in Sources */ = {isa = PBXBuildFile; fileRef = 15A6EED82791F8BB006EA23C /* CardNotYetBoxViewController.swift */; };
		15A6EEDC2792001E006EA23C /* ListTableViewCell.swift in Sources */ = {isa = PBXBuildFile; fileRef = 15A6EEDA2792001E006EA23C /* ListTableViewCell.swift */; };
		15A6EEDD2792001E006EA23C /* ListTableViewCell.xib in Resources */ = {isa = PBXBuildFile; fileRef = 15A6EEDB2792001E006EA23C /* ListTableViewCell.xib */; };
		15A6EEE0279202AA006EA23C /* CardNotYetBoxViewController+Extension.swift in Sources */ = {isa = PBXBuildFile; fileRef = 15A6EEDF279202AA006EA23C /* CardNotYetBoxViewController+Extension.swift */; };
		15A6EEE4279298BD006EA23C /* MyPageViewController+Extension.swift in Sources */ = {isa = PBXBuildFile; fileRef = 15A6EEE3279298BD006EA23C /* MyPageViewController+Extension.swift */; };
		15A6EEE627929A4E006EA23C /* MyPageProfileTableViewCell.swift in Sources */ = {isa = PBXBuildFile; fileRef = 15A6EEE527929A4E006EA23C /* MyPageProfileTableViewCell.swift */; };
		15A6EEE92792A036006EA23C /* ProfileCollectionViewCell.swift in Sources */ = {isa = PBXBuildFile; fileRef = 15A6EEE72792A036006EA23C /* ProfileCollectionViewCell.swift */; };
		15A6EEEA2792A036006EA23C /* ProfileCollectionViewCell.xib in Resources */ = {isa = PBXBuildFile; fileRef = 15A6EEE82792A036006EA23C /* ProfileCollectionViewCell.xib */; };
		15A6EEEC2792A165006EA23C /* MyPageFriendsTableViewCell.swift in Sources */ = {isa = PBXBuildFile; fileRef = 15A6EEEB2792A165006EA23C /* MyPageFriendsTableViewCell.swift */; };
		15ABE4A12794CD0E00516170 /* MainCardRouter.swift in Sources */ = {isa = PBXBuildFile; fileRef = 15ABE4A02794CD0E00516170 /* MainCardRouter.swift */; };
		15ABE4A62794CD6900516170 /* MainCardResponse.swift in Sources */ = {isa = PBXBuildFile; fileRef = 15ABE4A52794CD6900516170 /* MainCardResponse.swift */; };
		15ABE4A82794D5A400516170 /* UIImageView+.swift in Sources */ = {isa = PBXBuildFile; fileRef = 15ABE4A72794D5A400516170 /* UIImageView+.swift */; };
		15ABE4AB2794D9A200516170 /* MyPageRouter.swift in Sources */ = {isa = PBXBuildFile; fileRef = 15ABE4AA2794D9A200516170 /* MyPageRouter.swift */; };
		15ABE4AD2794D9A900516170 /* MyPageService.swift in Sources */ = {isa = PBXBuildFile; fileRef = 15ABE4AC2794D9A900516170 /* MyPageService.swift */; };
		15ABE4B02794DB7900516170 /* MainCardService.swift in Sources */ = {isa = PBXBuildFile; fileRef = 15ABE4AF2794DB7900516170 /* MainCardService.swift */; };
		15ABE4B22794DBC100516170 /* MyPageResponse.swift in Sources */ = {isa = PBXBuildFile; fileRef = 15ABE4B12794DBC100516170 /* MyPageResponse.swift */; };
		15BCB21E278EA4E9005E6D98 /* HomeViewController+Extension.swift in Sources */ = {isa = PBXBuildFile; fileRef = 15BCB21D278EA4E9005E6D98 /* HomeViewController+Extension.swift */; };
		15C51AEE278AB2F0001E1F6F /* AppDelegate.swift in Sources */ = {isa = PBXBuildFile; fileRef = 15C51AED278AB2F0001E1F6F /* AppDelegate.swift */; };
		15C51AF0278AB2F0001E1F6F /* SceneDelegate.swift in Sources */ = {isa = PBXBuildFile; fileRef = 15C51AEF278AB2F0001E1F6F /* SceneDelegate.swift */; };
		15C51AF5278AB2F0001E1F6F /* Main.storyboard in Resources */ = {isa = PBXBuildFile; fileRef = 15C51AF3278AB2F0001E1F6F /* Main.storyboard */; };
		15C51AF7278AB2F1001E1F6F /* Assets.xcassets in Resources */ = {isa = PBXBuildFile; fileRef = 15C51AF6278AB2F1001E1F6F /* Assets.xcassets */; };
		15C51AFA278AB2F1001E1F6F /* LaunchScreen.storyboard in Resources */ = {isa = PBXBuildFile; fileRef = 15C51AF8278AB2F1001E1F6F /* LaunchScreen.storyboard */; };
		15C51B04278AB591001E1F6F /* Const.swift in Sources */ = {isa = PBXBuildFile; fileRef = 15C51B03278AB591001E1F6F /* Const.swift */; };
		15C51B06278AB7DB001E1F6F /* Image.swift in Sources */ = {isa = PBXBuildFile; fileRef = 15C51B05278AB7DB001E1F6F /* Image.swift */; };
		15C51B0A278AC2C5001E1F6F /* MainTabBarController.swift in Sources */ = {isa = PBXBuildFile; fileRef = 15C51B09278AC2C5001E1F6F /* MainTabBarController.swift */; };
		15C51B10278AC41A001E1F6F /* Home.storyboard in Resources */ = {isa = PBXBuildFile; fileRef = 15C51B0F278AC41A001E1F6F /* Home.storyboard */; };
		15C51B12278AC426001E1F6F /* HomeViewController.swift in Sources */ = {isa = PBXBuildFile; fileRef = 15C51B11278AC426001E1F6F /* HomeViewController.swift */; };
		15C51B14278AC42C001E1F6F /* Card.storyboard in Resources */ = {isa = PBXBuildFile; fileRef = 15C51B13278AC42C001E1F6F /* Card.storyboard */; };
		15C51B16278AC433001E1F6F /* CardViewController.swift in Sources */ = {isa = PBXBuildFile; fileRef = 15C51B15278AC433001E1F6F /* CardViewController.swift */; };
		15C51B18278AC43E001E1F6F /* Insight.storyboard in Resources */ = {isa = PBXBuildFile; fileRef = 15C51B17278AC43E001E1F6F /* Insight.storyboard */; };
		15C51B1A278AC445001E1F6F /* InsightViewController.swift in Sources */ = {isa = PBXBuildFile; fileRef = 15C51B19278AC445001E1F6F /* InsightViewController.swift */; };
		15C51B1C278AC44B001E1F6F /* MyPage.storyboard in Resources */ = {isa = PBXBuildFile; fileRef = 15C51B1B278AC44B001E1F6F /* MyPage.storyboard */; };
		15C51B1E278AC456001E1F6F /* MyPageViewController.swift in Sources */ = {isa = PBXBuildFile; fileRef = 15C51B1D278AC456001E1F6F /* MyPageViewController.swift */; };
		15C51B21278ACA52001E1F6F /* UIColor+.swift in Sources */ = {isa = PBXBuildFile; fileRef = 15C51B20278ACA52001E1F6F /* UIColor+.swift */; };
		15C51B2B278C98B1001E1F6F /* Pretendard-Light.otf in Resources */ = {isa = PBXBuildFile; fileRef = 15C51B28278C98B1001E1F6F /* Pretendard-Light.otf */; };
		15C51B2C278C98B1001E1F6F /* Pretendard-Regular.otf in Resources */ = {isa = PBXBuildFile; fileRef = 15C51B29278C98B1001E1F6F /* Pretendard-Regular.otf */; };
		15C51B2D278C98B1001E1F6F /* Pretendard-SemiBold.otf in Resources */ = {isa = PBXBuildFile; fileRef = 15C51B2A278C98B1001E1F6F /* Pretendard-SemiBold.otf */; };
		15C51B2F278C997F001E1F6F /* UIFont+.swift in Sources */ = {isa = PBXBuildFile; fileRef = 15C51B2E278C997F001E1F6F /* UIFont+.swift */; };
		294375D6BD6AACBECF5E84B0 /* Pods_Cardna_iOS.framework in Frameworks */ = {isa = PBXBuildFile; fileRef = B4C0822BAC8326FEE39E766B /* Pods_Cardna_iOS.framework */; };
		98116F3D2794678100042215 /* Login.storyboard in Resources */ = {isa = PBXBuildFile; fileRef = 98116F3C2794678100042215 /* Login.storyboard */; };
		98116F3F2794678B00042215 /* LoginViewController.swift in Sources */ = {isa = PBXBuildFile; fileRef = 98116F3E2794678B00042215 /* LoginViewController.swift */; };
		98327CEC279075FA006AE794 /* CardContainerCollectionViewCell.swift in Sources */ = {isa = PBXBuildFile; fileRef = 98327CEB279075FA006AE794 /* CardContainerCollectionViewCell.swift */; };
		9877FE3F2794DCBF005745C7 /* LoginRequest.swift in Sources */ = {isa = PBXBuildFile; fileRef = 9877FE3E2794DCBF005745C7 /* LoginRequest.swift */; };
		9877FE412794DCC6005745C7 /* LoginResponse.swift in Sources */ = {isa = PBXBuildFile; fileRef = 9877FE402794DCC6005745C7 /* LoginResponse.swift */; };
		9877FE452794DD0A005745C7 /* LoginRouter.swift in Sources */ = {isa = PBXBuildFile; fileRef = 9877FE442794DD0A005745C7 /* LoginRouter.swift */; };
		9877FE472794DD11005745C7 /* LoginService.swift in Sources */ = {isa = PBXBuildFile; fileRef = 9877FE462794DD11005745C7 /* LoginService.swift */; };
		9877FE4A2794E64D005745C7 /* LoginViewController+Extension.swift in Sources */ = {isa = PBXBuildFile; fileRef = 9877FE492794E64D005745C7 /* LoginViewController+Extension.swift */; };
		98817C6827929AD200819892 /* EmailSearch.storyboard in Resources */ = {isa = PBXBuildFile; fileRef = 98817C6727929AD200819892 /* EmailSearch.storyboard */; };
		98817C6A27929B0600819892 /* EmailSearchViewController.swift in Sources */ = {isa = PBXBuildFile; fileRef = 98817C6927929B0600819892 /* EmailSearchViewController.swift */; };
		98817C6C2792A2E700819892 /* UITextField+.swift in Sources */ = {isa = PBXBuildFile; fileRef = 98817C6B2792A2E700819892 /* UITextField+.swift */; };
		98817C722792C5D100819892 /* Initial.storyboard in Resources */ = {isa = PBXBuildFile; fileRef = 98817C712792C5D100819892 /* Initial.storyboard */; };
		98817C742792C5E100819892 /* InitialViewController.swift in Sources */ = {isa = PBXBuildFile; fileRef = 98817C732792C5E100819892 /* InitialViewController.swift */; };
		9887523E278D7F3C006018AE /* CardBottomSheet.storyboard in Resources */ = {isa = PBXBuildFile; fileRef = 9887523D278D7F3C006018AE /* CardBottomSheet.storyboard */; };
		98875240278D7F62006018AE /* CardBottomSheetViewController.swift in Sources */ = {isa = PBXBuildFile; fileRef = 9887523F278D7F62006018AE /* CardBottomSheetViewController.swift */; };
		98938428278D8F4D00ACDC06 /* UIView+.swift in Sources */ = {isa = PBXBuildFile; fileRef = 98938427278D8F4D00ACDC06 /* UIView+.swift */; };
		98BDF5A5278F5BDF00B02F33 /* CardPackTitleCollectionViewCell.swift in Sources */ = {isa = PBXBuildFile; fileRef = 98BDF5A4278F5BDF00B02F33 /* CardPackTitleCollectionViewCell.swift */; };
		98BDF5A7278F5C3600B02F33 /* CardViewController+Extension.swift in Sources */ = {isa = PBXBuildFile; fileRef = 98BDF5A6278F5C3600B02F33 /* CardViewController+Extension.swift */; };
		98C6893D2791DE51008BB153 /* MyPageSetting.storyboard in Resources */ = {isa = PBXBuildFile; fileRef = 98C6893C2791DE51008BB153 /* MyPageSetting.storyboard */; };
		98C6893F2791DE9B008BB153 /* MyPageSettingViewController.swift in Sources */ = {isa = PBXBuildFile; fileRef = 98C6893E2791DE9B008BB153 /* MyPageSettingViewController.swift */; };
		98C689422791DEE8008BB153 /* MyPageSettingTitleTableViewCell.swift in Sources */ = {isa = PBXBuildFile; fileRef = 98C689412791DEE8008BB153 /* MyPageSettingTitleTableViewCell.swift */; };
		98C689452791DF05008BB153 /* MyPageSettingViewController+Extension.swift in Sources */ = {isa = PBXBuildFile; fileRef = 98C689442791DF05008BB153 /* MyPageSettingViewController+Extension.swift */; };
/* End PBXBuildFile section */

/* Begin PBXFileReference section */
		142A7215279075AC00500364 /* AddCardBottomSheet.storyboard */ = {isa = PBXFileReference; lastKnownFileType = file.storyboard; path = AddCardBottomSheet.storyboard; sourceTree = "<group>"; };
		142A7217279075CF00500364 /* AddCardBottomSheetViewController.swift */ = {isa = PBXFileReference; lastKnownFileType = sourcecode.swift; path = AddCardBottomSheetViewController.swift; sourceTree = "<group>"; };
		142A721927915F3400500364 /* AddCardSymbolCollectionViewCell.swift */ = {isa = PBXFileReference; lastKnownFileType = sourcecode.swift; path = AddCardSymbolCollectionViewCell.swift; sourceTree = "<group>"; };
		143E2D642793077400706038 /* AddCardCompletedViewController.storyboard */ = {isa = PBXFileReference; lastKnownFileType = file.storyboard; path = AddCardCompletedViewController.storyboard; sourceTree = "<group>"; };
		143E2D662793079100706038 /* AddCardCompletedViewController.swift */ = {isa = PBXFileReference; lastKnownFileType = sourcecode.swift; path = AddCardCompletedViewController.swift; sourceTree = "<group>"; };
		146DA7B02792A883006480F9 /* AddCardBottomSheetViewController+Extension.swift */ = {isa = PBXFileReference; lastKnownFileType = sourcecode.swift; path = "AddCardBottomSheetViewController+Extension.swift"; sourceTree = "<group>"; };
		14A17B88278F36EC00167ECE /* UILabel+.swift */ = {isa = PBXFileReference; lastKnownFileType = sourcecode.swift; path = "UILabel+.swift"; sourceTree = "<group>"; };
		14A17B8E278F52B200167ECE /* AddCardViewController+Extension.swift */ = {isa = PBXFileReference; lastKnownFileType = sourcecode.swift; path = "AddCardViewController+Extension.swift"; sourceTree = "<group>"; };
		14A5AFB5278E815A00B8BD84 /* AddCardViewController.swift */ = {isa = PBXFileReference; lastKnownFileType = sourcecode.swift; path = AddCardViewController.swift; sourceTree = "<group>"; };
		14A9327727945589006B4D86 /* JoinNameViewController.swift */ = {isa = PBXFileReference; lastKnownFileType = sourcecode.swift; path = JoinNameViewController.swift; sourceTree = "<group>"; };
		14FA67C52793764D002FCDE5 /* JoinViewController.storyboard */ = {isa = PBXFileReference; lastKnownFileType = file.storyboard; path = JoinViewController.storyboard; sourceTree = "<group>"; };
		14FA67C727937660002FCDE5 /* JoinViewController.swift */ = {isa = PBXFileReference; lastKnownFileType = sourcecode.swift; path = JoinViewController.swift; sourceTree = "<group>"; };
		15232FF2279356B400F37EB4 /* lottie_cardyou.json */ = {isa = PBXFileReference; fileEncoding = 4; lastKnownFileType = text.json; path = lottie_cardyou.json; sourceTree = "<group>"; };
		15232FF4279356B900F37EB4 /* lottie_cardme.json */ = {isa = PBXFileReference; fileEncoding = 4; lastKnownFileType = text.json; path = lottie_cardme.json; sourceTree = "<group>"; };
		15232FF6279356C000F37EB4 /* gif_confetti.json */ = {isa = PBXFileReference; fileEncoding = 4; lastKnownFileType = text.json; path = gif_confetti.json; sourceTree = "<group>"; };
		15232FFA2793613D00F37EB4 /* NetworkResult.swift */ = {isa = PBXFileReference; lastKnownFileType = sourcecode.swift; path = NetworkResult.swift; sourceTree = "<group>"; };
		15232FFC2793617F00F37EB4 /* MoyaLoggingPlugin.swift */ = {isa = PBXFileReference; lastKnownFileType = sourcecode.swift; path = MoyaLoggingPlugin.swift; sourceTree = "<group>"; };
		15232FFE2793669A00F37EB4 /* URLConstant.swift */ = {isa = PBXFileReference; lastKnownFileType = sourcecode.swift; path = URLConstant.swift; sourceTree = "<group>"; };
		15233000279366A300F37EB4 /* NetworkConstant.swift */ = {isa = PBXFileReference; lastKnownFileType = sourcecode.swift; path = NetworkConstant.swift; sourceTree = "<group>"; };
		152330022793670B00F37EB4 /* BaseTargetType.swift */ = {isa = PBXFileReference; lastKnownFileType = sourcecode.swift; path = BaseTargetType.swift; sourceTree = "<group>"; };
		15582F3E278D7B2400C38614 /* CardCollectionViewCell.swift */ = {isa = PBXFileReference; lastKnownFileType = sourcecode.swift; path = CardCollectionViewCell.swift; sourceTree = "<group>"; };
		15582F3F278D7B2400C38614 /* CardCollectionViewCell.xib */ = {isa = PBXFileReference; lastKnownFileType = file.xib; path = CardCollectionViewCell.xib; sourceTree = "<group>"; };
		158A2EEE27945FAC007C4163 /* GeneralResponse.swift */ = {isa = PBXFileReference; lastKnownFileType = sourcecode.swift; path = GeneralResponse.swift; sourceTree = "<group>"; };
		15A6EEAF278ECB2A006EA23C /* CardDetail.storyboard */ = {isa = PBXFileReference; lastKnownFileType = file.storyboard; path = CardDetail.storyboard; sourceTree = "<group>"; };
		15A6EEB1278ECB42006EA23C /* CardDetailViewController.swift */ = {isa = PBXFileReference; lastKnownFileType = sourcecode.swift; path = CardDetailViewController.swift; sourceTree = "<group>"; };
		15A6EEB3278F1023006EA23C /* String+.swift */ = {isa = PBXFileReference; lastKnownFileType = sourcecode.swift; path = "String+.swift"; sourceTree = "<group>"; };
		15A6EEC5279066F6006EA23C /* SelectCard.storyboard */ = {isa = PBXFileReference; lastKnownFileType = file.storyboard; path = SelectCard.storyboard; sourceTree = "<group>"; };
		15A6EEC7279066FE006EA23C /* SelectCardViewController.swift */ = {isa = PBXFileReference; lastKnownFileType = sourcecode.swift; path = SelectCardViewController.swift; sourceTree = "<group>"; };
		15A6EECA27907201006EA23C /* SelectCardViewController+Extension.swift */ = {isa = PBXFileReference; lastKnownFileType = sourcecode.swift; path = "SelectCardViewController+Extension.swift"; sourceTree = "<group>"; };
		15A6EECC27907781006EA23C /* SelectCardHeaderCollectionReusableView.swift */ = {isa = PBXFileReference; lastKnownFileType = sourcecode.swift; path = SelectCardHeaderCollectionReusableView.swift; sourceTree = "<group>"; };
		15A6EED12791E7C3006EA23C /* SelectCardModalViewController.swift */ = {isa = PBXFileReference; lastKnownFileType = sourcecode.swift; path = SelectCardModalViewController.swift; sourceTree = "<group>"; };
		15A6EED32791EA8D006EA23C /* SelectCardModalViewController+Extension.swift */ = {isa = PBXFileReference; lastKnownFileType = sourcecode.swift; path = "SelectCardModalViewController+Extension.swift"; sourceTree = "<group>"; };
		15A6EED62791F87F006EA23C /* CardNotYetBox.storyboard */ = {isa = PBXFileReference; lastKnownFileType = file.storyboard; path = CardNotYetBox.storyboard; sourceTree = "<group>"; };
		15A6EED82791F8BB006EA23C /* CardNotYetBoxViewController.swift */ = {isa = PBXFileReference; lastKnownFileType = sourcecode.swift; path = CardNotYetBoxViewController.swift; sourceTree = "<group>"; };
		15A6EEDA2792001E006EA23C /* ListTableViewCell.swift */ = {isa = PBXFileReference; lastKnownFileType = sourcecode.swift; path = ListTableViewCell.swift; sourceTree = "<group>"; };
		15A6EEDB2792001E006EA23C /* ListTableViewCell.xib */ = {isa = PBXFileReference; lastKnownFileType = file.xib; path = ListTableViewCell.xib; sourceTree = "<group>"; };
		15A6EEDF279202AA006EA23C /* CardNotYetBoxViewController+Extension.swift */ = {isa = PBXFileReference; lastKnownFileType = sourcecode.swift; path = "CardNotYetBoxViewController+Extension.swift"; sourceTree = "<group>"; };
		15A6EEE3279298BD006EA23C /* MyPageViewController+Extension.swift */ = {isa = PBXFileReference; lastKnownFileType = sourcecode.swift; path = "MyPageViewController+Extension.swift"; sourceTree = "<group>"; };
		15A6EEE527929A4E006EA23C /* MyPageProfileTableViewCell.swift */ = {isa = PBXFileReference; lastKnownFileType = sourcecode.swift; path = MyPageProfileTableViewCell.swift; sourceTree = "<group>"; };
		15A6EEE72792A036006EA23C /* ProfileCollectionViewCell.swift */ = {isa = PBXFileReference; lastKnownFileType = sourcecode.swift; path = ProfileCollectionViewCell.swift; sourceTree = "<group>"; };
		15A6EEE82792A036006EA23C /* ProfileCollectionViewCell.xib */ = {isa = PBXFileReference; lastKnownFileType = file.xib; path = ProfileCollectionViewCell.xib; sourceTree = "<group>"; };
		15A6EEEB2792A165006EA23C /* MyPageFriendsTableViewCell.swift */ = {isa = PBXFileReference; lastKnownFileType = sourcecode.swift; path = MyPageFriendsTableViewCell.swift; sourceTree = "<group>"; };
		15ABE4A02794CD0E00516170 /* MainCardRouter.swift */ = {isa = PBXFileReference; lastKnownFileType = sourcecode.swift; path = MainCardRouter.swift; sourceTree = "<group>"; };
		15ABE4A52794CD6900516170 /* MainCardResponse.swift */ = {isa = PBXFileReference; lastKnownFileType = sourcecode.swift; path = MainCardResponse.swift; sourceTree = "<group>"; };
		15ABE4A72794D5A400516170 /* UIImageView+.swift */ = {isa = PBXFileReference; lastKnownFileType = sourcecode.swift; path = "UIImageView+.swift"; sourceTree = "<group>"; };
		15ABE4AA2794D9A200516170 /* MyPageRouter.swift */ = {isa = PBXFileReference; lastKnownFileType = sourcecode.swift; path = MyPageRouter.swift; sourceTree = "<group>"; };
		15ABE4AC2794D9A900516170 /* MyPageService.swift */ = {isa = PBXFileReference; lastKnownFileType = sourcecode.swift; path = MyPageService.swift; sourceTree = "<group>"; };
		15ABE4AF2794DB7900516170 /* MainCardService.swift */ = {isa = PBXFileReference; lastKnownFileType = sourcecode.swift; path = MainCardService.swift; sourceTree = "<group>"; };
		15ABE4B12794DBC100516170 /* MyPageResponse.swift */ = {isa = PBXFileReference; lastKnownFileType = sourcecode.swift; path = MyPageResponse.swift; sourceTree = "<group>"; };
		15BCB21D278EA4E9005E6D98 /* HomeViewController+Extension.swift */ = {isa = PBXFileReference; lastKnownFileType = sourcecode.swift; path = "HomeViewController+Extension.swift"; sourceTree = "<group>"; };
		15C51AEA278AB2F0001E1F6F /* Cardna-iOS.app */ = {isa = PBXFileReference; explicitFileType = wrapper.application; includeInIndex = 0; path = "Cardna-iOS.app"; sourceTree = BUILT_PRODUCTS_DIR; };
		15C51AED278AB2F0001E1F6F /* AppDelegate.swift */ = {isa = PBXFileReference; lastKnownFileType = sourcecode.swift; path = AppDelegate.swift; sourceTree = "<group>"; };
		15C51AEF278AB2F0001E1F6F /* SceneDelegate.swift */ = {isa = PBXFileReference; lastKnownFileType = sourcecode.swift; path = SceneDelegate.swift; sourceTree = "<group>"; };
		15C51AF4278AB2F0001E1F6F /* Base */ = {isa = PBXFileReference; lastKnownFileType = file.storyboard; name = Base; path = Base.lproj/Main.storyboard; sourceTree = "<group>"; };
		15C51AF6278AB2F1001E1F6F /* Assets.xcassets */ = {isa = PBXFileReference; lastKnownFileType = folder.assetcatalog; path = Assets.xcassets; sourceTree = "<group>"; };
		15C51AF9278AB2F1001E1F6F /* Base */ = {isa = PBXFileReference; lastKnownFileType = file.storyboard; name = Base; path = Base.lproj/LaunchScreen.storyboard; sourceTree = "<group>"; };
		15C51AFB278AB2F1001E1F6F /* Info.plist */ = {isa = PBXFileReference; lastKnownFileType = text.plist.xml; path = Info.plist; sourceTree = "<group>"; };
		15C51B03278AB591001E1F6F /* Const.swift */ = {isa = PBXFileReference; lastKnownFileType = sourcecode.swift; path = Const.swift; sourceTree = "<group>"; };
		15C51B05278AB7DB001E1F6F /* Image.swift */ = {isa = PBXFileReference; lastKnownFileType = sourcecode.swift; path = Image.swift; sourceTree = "<group>"; };
		15C51B09278AC2C5001E1F6F /* MainTabBarController.swift */ = {isa = PBXFileReference; lastKnownFileType = sourcecode.swift; path = MainTabBarController.swift; sourceTree = "<group>"; };
		15C51B0F278AC41A001E1F6F /* Home.storyboard */ = {isa = PBXFileReference; lastKnownFileType = file.storyboard; path = Home.storyboard; sourceTree = "<group>"; };
		15C51B11278AC426001E1F6F /* HomeViewController.swift */ = {isa = PBXFileReference; lastKnownFileType = sourcecode.swift; path = HomeViewController.swift; sourceTree = "<group>"; };
		15C51B13278AC42C001E1F6F /* Card.storyboard */ = {isa = PBXFileReference; lastKnownFileType = file.storyboard; path = Card.storyboard; sourceTree = "<group>"; };
		15C51B15278AC433001E1F6F /* CardViewController.swift */ = {isa = PBXFileReference; lastKnownFileType = sourcecode.swift; path = CardViewController.swift; sourceTree = "<group>"; };
		15C51B17278AC43E001E1F6F /* Insight.storyboard */ = {isa = PBXFileReference; lastKnownFileType = file.storyboard; path = Insight.storyboard; sourceTree = "<group>"; };
		15C51B19278AC445001E1F6F /* InsightViewController.swift */ = {isa = PBXFileReference; lastKnownFileType = sourcecode.swift; path = InsightViewController.swift; sourceTree = "<group>"; };
		15C51B1B278AC44B001E1F6F /* MyPage.storyboard */ = {isa = PBXFileReference; lastKnownFileType = file.storyboard; path = MyPage.storyboard; sourceTree = "<group>"; };
		15C51B1D278AC456001E1F6F /* MyPageViewController.swift */ = {isa = PBXFileReference; lastKnownFileType = sourcecode.swift; path = MyPageViewController.swift; sourceTree = "<group>"; };
		15C51B20278ACA52001E1F6F /* UIColor+.swift */ = {isa = PBXFileReference; lastKnownFileType = sourcecode.swift; path = "UIColor+.swift"; sourceTree = "<group>"; };
		15C51B28278C98B1001E1F6F /* Pretendard-Light.otf */ = {isa = PBXFileReference; lastKnownFileType = file; path = "Pretendard-Light.otf"; sourceTree = "<group>"; };
		15C51B29278C98B1001E1F6F /* Pretendard-Regular.otf */ = {isa = PBXFileReference; lastKnownFileType = file; path = "Pretendard-Regular.otf"; sourceTree = "<group>"; };
		15C51B2A278C98B1001E1F6F /* Pretendard-SemiBold.otf */ = {isa = PBXFileReference; lastKnownFileType = file; path = "Pretendard-SemiBold.otf"; sourceTree = "<group>"; };
		15C51B2E278C997F001E1F6F /* UIFont+.swift */ = {isa = PBXFileReference; lastKnownFileType = sourcecode.swift; path = "UIFont+.swift"; sourceTree = "<group>"; };
		6A0B93B9268C3525FEDB692F /* Pods-Cardna-iOS.debug.xcconfig */ = {isa = PBXFileReference; includeInIndex = 1; lastKnownFileType = text.xcconfig; name = "Pods-Cardna-iOS.debug.xcconfig"; path = "Target Support Files/Pods-Cardna-iOS/Pods-Cardna-iOS.debug.xcconfig"; sourceTree = "<group>"; };
		98116F3C2794678100042215 /* Login.storyboard */ = {isa = PBXFileReference; lastKnownFileType = file.storyboard; path = Login.storyboard; sourceTree = "<group>"; };
		98116F3E2794678B00042215 /* LoginViewController.swift */ = {isa = PBXFileReference; lastKnownFileType = sourcecode.swift; path = LoginViewController.swift; sourceTree = "<group>"; };
		98327CEB279075FA006AE794 /* CardContainerCollectionViewCell.swift */ = {isa = PBXFileReference; lastKnownFileType = sourcecode.swift; path = CardContainerCollectionViewCell.swift; sourceTree = "<group>"; };
		9877FE3E2794DCBF005745C7 /* LoginRequest.swift */ = {isa = PBXFileReference; lastKnownFileType = sourcecode.swift; path = LoginRequest.swift; sourceTree = "<group>"; };
		9877FE402794DCC6005745C7 /* LoginResponse.swift */ = {isa = PBXFileReference; lastKnownFileType = sourcecode.swift; path = LoginResponse.swift; sourceTree = "<group>"; };
		9877FE442794DD0A005745C7 /* LoginRouter.swift */ = {isa = PBXFileReference; lastKnownFileType = sourcecode.swift; path = LoginRouter.swift; sourceTree = "<group>"; };
		9877FE462794DD11005745C7 /* LoginService.swift */ = {isa = PBXFileReference; lastKnownFileType = sourcecode.swift; path = LoginService.swift; sourceTree = "<group>"; };
		9877FE492794E64D005745C7 /* LoginViewController+Extension.swift */ = {isa = PBXFileReference; lastKnownFileType = sourcecode.swift; path = "LoginViewController+Extension.swift"; sourceTree = "<group>"; };
		98817C6727929AD200819892 /* EmailSearch.storyboard */ = {isa = PBXFileReference; lastKnownFileType = file.storyboard; path = EmailSearch.storyboard; sourceTree = "<group>"; };
		98817C6927929B0600819892 /* EmailSearchViewController.swift */ = {isa = PBXFileReference; lastKnownFileType = sourcecode.swift; path = EmailSearchViewController.swift; sourceTree = "<group>"; };
		98817C6B2792A2E700819892 /* UITextField+.swift */ = {isa = PBXFileReference; lastKnownFileType = sourcecode.swift; path = "UITextField+.swift"; sourceTree = "<group>"; };
		98817C712792C5D100819892 /* Initial.storyboard */ = {isa = PBXFileReference; lastKnownFileType = file.storyboard; path = Initial.storyboard; sourceTree = "<group>"; };
		98817C732792C5E100819892 /* InitialViewController.swift */ = {isa = PBXFileReference; lastKnownFileType = sourcecode.swift; path = InitialViewController.swift; sourceTree = "<group>"; };
		9887523D278D7F3C006018AE /* CardBottomSheet.storyboard */ = {isa = PBXFileReference; lastKnownFileType = file.storyboard; path = CardBottomSheet.storyboard; sourceTree = "<group>"; };
		9887523F278D7F62006018AE /* CardBottomSheetViewController.swift */ = {isa = PBXFileReference; lastKnownFileType = sourcecode.swift; path = CardBottomSheetViewController.swift; sourceTree = "<group>"; };
		98938427278D8F4D00ACDC06 /* UIView+.swift */ = {isa = PBXFileReference; lastKnownFileType = sourcecode.swift; path = "UIView+.swift"; sourceTree = "<group>"; };
		98BDF5A4278F5BDF00B02F33 /* CardPackTitleCollectionViewCell.swift */ = {isa = PBXFileReference; lastKnownFileType = sourcecode.swift; path = CardPackTitleCollectionViewCell.swift; sourceTree = "<group>"; };
		98BDF5A6278F5C3600B02F33 /* CardViewController+Extension.swift */ = {isa = PBXFileReference; lastKnownFileType = sourcecode.swift; path = "CardViewController+Extension.swift"; sourceTree = "<group>"; };
		98C6893C2791DE51008BB153 /* MyPageSetting.storyboard */ = {isa = PBXFileReference; lastKnownFileType = file.storyboard; path = MyPageSetting.storyboard; sourceTree = "<group>"; };
		98C6893E2791DE9B008BB153 /* MyPageSettingViewController.swift */ = {isa = PBXFileReference; lastKnownFileType = sourcecode.swift; path = MyPageSettingViewController.swift; sourceTree = "<group>"; };
		98C689412791DEE8008BB153 /* MyPageSettingTitleTableViewCell.swift */ = {isa = PBXFileReference; lastKnownFileType = sourcecode.swift; path = MyPageSettingTitleTableViewCell.swift; sourceTree = "<group>"; };
		98C689442791DF05008BB153 /* MyPageSettingViewController+Extension.swift */ = {isa = PBXFileReference; lastKnownFileType = sourcecode.swift; path = "MyPageSettingViewController+Extension.swift"; sourceTree = "<group>"; };
		B4C0822BAC8326FEE39E766B /* Pods_Cardna_iOS.framework */ = {isa = PBXFileReference; explicitFileType = wrapper.framework; includeInIndex = 0; path = Pods_Cardna_iOS.framework; sourceTree = BUILT_PRODUCTS_DIR; };
		BAB2994FD7900731A20D87FA /* Pods-Cardna-iOS.release.xcconfig */ = {isa = PBXFileReference; includeInIndex = 1; lastKnownFileType = text.xcconfig; name = "Pods-Cardna-iOS.release.xcconfig"; path = "Target Support Files/Pods-Cardna-iOS/Pods-Cardna-iOS.release.xcconfig"; sourceTree = "<group>"; };
/* End PBXFileReference section */

/* Begin PBXFrameworksBuildPhase section */
		15C51AE7278AB2F0001E1F6F /* Frameworks */ = {
			isa = PBXFrameworksBuildPhase;
			buildActionMask = 2147483647;
			files = (
				294375D6BD6AACBECF5E84B0 /* Pods_Cardna_iOS.framework in Frameworks */,
			);
			runOnlyForDeploymentPostprocessing = 0;
		};
/* End PBXFrameworksBuildPhase section */

/* Begin PBXGroup section */
		142A721B27915F4300500364 /* Cell */ = {
			isa = PBXGroup;
			children = (
				142A721927915F3400500364 /* AddCardSymbolCollectionViewCell.swift */,
			);
			path = Cell;
			sourceTree = "<group>";
		};
		14A17B8A278F524C00167ECE /* AddCard */ = {
			isa = PBXGroup;
			children = (
				142A721B27915F4300500364 /* Cell */,
				14A17B8B278F526E00167ECE /* Extensions */,
				14A5AFB5278E815A00B8BD84 /* AddCardViewController.swift */,
				142A7215279075AC00500364 /* AddCardBottomSheet.storyboard */,
				142A7217279075CF00500364 /* AddCardBottomSheetViewController.swift */,
				143E2D642793077400706038 /* AddCardCompletedViewController.storyboard */,
				143E2D662793079100706038 /* AddCardCompletedViewController.swift */,
			);
			path = AddCard;
			sourceTree = "<group>";
		};
		14A17B8B278F526E00167ECE /* Extensions */ = {
			isa = PBXGroup;
			children = (
				14A17B8E278F52B200167ECE /* AddCardViewController+Extension.swift */,
				146DA7B02792A883006480F9 /* AddCardBottomSheetViewController+Extension.swift */,
			);
			path = Extensions;
			sourceTree = "<group>";
		};
		14FA67C42793761B002FCDE5 /* Join */ = {
			isa = PBXGroup;
			children = (
				14FA67C52793764D002FCDE5 /* JoinViewController.storyboard */,
				14FA67C727937660002FCDE5 /* JoinViewController.swift */,
				14A9327727945589006B4D86 /* JoinNameViewController.swift */,
			);
			path = Join;
			sourceTree = "<group>";
		};
		15232FF1279356A900F37EB4 /* Lottie */ = {
			isa = PBXGroup;
			children = (
				15232FF2279356B400F37EB4 /* lottie_cardyou.json */,
				15232FF4279356B900F37EB4 /* lottie_cardme.json */,
				15232FF6279356C000F37EB4 /* gif_confetti.json */,
			);
			path = Lottie;
			sourceTree = "<group>";
		};
		15232FF82793612500F37EB4 /* Network */ = {
			isa = PBXGroup;
			children = (
				15ABE4A32794CD3B00516170 /* APIModels */,
				15ABE49B2794CCD300516170 /* APIServices */,
				15232FF92793612E00F37EB4 /* Base */,
			);
			path = Network;
			sourceTree = "<group>";
		};
		15232FF92793612E00F37EB4 /* Base */ = {
			isa = PBXGroup;
			children = (
				15232FFA2793613D00F37EB4 /* NetworkResult.swift */,
				15232FFC2793617F00F37EB4 /* MoyaLoggingPlugin.swift */,
				15232FFE2793669A00F37EB4 /* URLConstant.swift */,
				15233000279366A300F37EB4 /* NetworkConstant.swift */,
				152330022793670B00F37EB4 /* BaseTargetType.swift */,
				158A2EEE27945FAC007C4163 /* GeneralResponse.swift */,
			);
			path = Base;
			sourceTree = "<group>";
		};
		15582F3C278D7AAA00C38614 /* AppSources */ = {
			isa = PBXGroup;
			children = (
				15582F3D278D7AB600C38614 /* AppXibs */,
			);
			path = AppSources;
			sourceTree = "<group>";
		};
		15582F3D278D7AB600C38614 /* AppXibs */ = {
			isa = PBXGroup;
			children = (
				15582F3E278D7B2400C38614 /* CardCollectionViewCell.swift */,
				15582F3F278D7B2400C38614 /* CardCollectionViewCell.xib */,
				15A6EEDA2792001E006EA23C /* ListTableViewCell.swift */,
				15A6EEDB2792001E006EA23C /* ListTableViewCell.xib */,
				15A6EEE72792A036006EA23C /* ProfileCollectionViewCell.swift */,
				15A6EEE82792A036006EA23C /* ProfileCollectionViewCell.xib */,
			);
			path = AppXibs;
			sourceTree = "<group>";
		};
		15A6EEAD278ECB05006EA23C /* CardDetail */ = {
			isa = PBXGroup;
			children = (
				15A6EEAF278ECB2A006EA23C /* CardDetail.storyboard */,
				15A6EEB1278ECB42006EA23C /* CardDetailViewController.swift */,
			);
			path = CardDetail;
			sourceTree = "<group>";
		};
		15A6EEC4279066CE006EA23C /* SelectCard */ = {
			isa = PBXGroup;
			children = (
				15A6EEC9279071EA006EA23C /* Extensions */,
				15A6EEC5279066F6006EA23C /* SelectCard.storyboard */,
				15A6EED12791E7C3006EA23C /* SelectCardModalViewController.swift */,
				15A6EEC7279066FE006EA23C /* SelectCardViewController.swift */,
				15A6EECC27907781006EA23C /* SelectCardHeaderCollectionReusableView.swift */,
			);
			path = SelectCard;
			sourceTree = "<group>";
		};
		15A6EEC9279071EA006EA23C /* Extensions */ = {
			isa = PBXGroup;
			children = (
				15A6EECA27907201006EA23C /* SelectCardViewController+Extension.swift */,
				15A6EED32791EA8D006EA23C /* SelectCardModalViewController+Extension.swift */,
			);
			path = Extensions;
			sourceTree = "<group>";
		};
		15A6EED52791F829006EA23C /* CardNotYetBox */ = {
			isa = PBXGroup;
			children = (
				15A6EEDE27920292006EA23C /* Extensions */,
				15A6EED62791F87F006EA23C /* CardNotYetBox.storyboard */,
				15A6EED82791F8BB006EA23C /* CardNotYetBoxViewController.swift */,
			);
			path = CardNotYetBox;
			sourceTree = "<group>";
		};
		15A6EEDE27920292006EA23C /* Extensions */ = {
			isa = PBXGroup;
			children = (
				15A6EEDF279202AA006EA23C /* CardNotYetBoxViewController+Extension.swift */,
			);
			path = Extensions;
			sourceTree = "<group>";
		};
		15A6EEE1279297AD006EA23C /* Extensions */ = {
			isa = PBXGroup;
			children = (
				15A6EEE3279298BD006EA23C /* MyPageViewController+Extension.swift */,
			);
			path = Extensions;
			sourceTree = "<group>";
		};
		15A6EEE2279297B6006EA23C /* Cell */ = {
			isa = PBXGroup;
			children = (
				15A6EEE527929A4E006EA23C /* MyPageProfileTableViewCell.swift */,
				15A6EEEB2792A165006EA23C /* MyPageFriendsTableViewCell.swift */,
			);
			path = Cell;
			sourceTree = "<group>";
		};
		15ABE49B2794CCD300516170 /* APIServices */ = {
			isa = PBXGroup;
			children = (
				9877FE432794DCFE005745C7 /* LoginAPI */,
				15ABE4A92794D99300516170 /* MyPageAPI */,
				15ABE49D2794CCF600516170 /* MainCardAPI */,
			);
			path = APIServices;
			sourceTree = "<group>";
		};
		15ABE49D2794CCF600516170 /* MainCardAPI */ = {
			isa = PBXGroup;
			children = (
				15ABE4A02794CD0E00516170 /* MainCardRouter.swift */,
				15ABE4AF2794DB7900516170 /* MainCardService.swift */,
			);
			path = MainCardAPI;
			sourceTree = "<group>";
		};
		15ABE4A32794CD3B00516170 /* APIModels */ = {
			isa = PBXGroup;
			children = (
				9877FE3D2794DCAF005745C7 /* LoginModel */,
				15ABE4AE2794DA9600516170 /* MyPageModel */,
				15ABE4A42794CD5B00516170 /* MainCardModel */,
			);
			path = APIModels;
			sourceTree = "<group>";
		};
		15ABE4A42794CD5B00516170 /* MainCardModel */ = {
			isa = PBXGroup;
			children = (
				15ABE4A52794CD6900516170 /* MainCardResponse.swift */,
			);
			path = MainCardModel;
			sourceTree = "<group>";
		};
		15ABE4A92794D99300516170 /* MyPageAPI */ = {
			isa = PBXGroup;
			children = (
				15ABE4AA2794D9A200516170 /* MyPageRouter.swift */,
				15ABE4AC2794D9A900516170 /* MyPageService.swift */,
			);
			path = MyPageAPI;
			sourceTree = "<group>";
		};
		15ABE4AE2794DA9600516170 /* MyPageModel */ = {
			isa = PBXGroup;
			children = (
				15ABE4B12794DBC100516170 /* MyPageResponse.swift */,
			);
			path = MyPageModel;
			sourceTree = "<group>";
		};
		15BCB21C278EA4BC005E6D98 /* Extensions */ = {
			isa = PBXGroup;
			children = (
				15BCB21D278EA4E9005E6D98 /* HomeViewController+Extension.swift */,
			);
			path = Extensions;
			sourceTree = "<group>";
		};
		15C51AE1278AB2F0001E1F6F = {
			isa = PBXGroup;
			children = (
				15C51AEC278AB2F0001E1F6F /* Cardna-iOS */,
				15C51AEB278AB2F0001E1F6F /* Products */,
				4B4CC109876C5FE080B66C2D /* Pods */,
				ECEBD127D549C3142E0DC5A4 /* Frameworks */,
			);
			sourceTree = "<group>";
		};
		15C51AEB278AB2F0001E1F6F /* Products */ = {
			isa = PBXGroup;
			children = (
				15C51AEA278AB2F0001E1F6F /* Cardna-iOS.app */,
			);
			name = Products;
			sourceTree = "<group>";
		};
		15C51AEC278AB2F0001E1F6F /* Cardna-iOS */ = {
			isa = PBXGroup;
			children = (
				15232FF82793612500F37EB4 /* Network */,
				15C51B01278AB576001E1F6F /* Configuration */,
				15C51AFB278AB2F1001E1F6F /* Info.plist */,
				15C51B07278AC1F2001E1F6F /* Source */,
			);
			path = "Cardna-iOS";
			sourceTree = "<group>";
		};
		15C51B01278AB576001E1F6F /* Configuration */ = {
			isa = PBXGroup;
			children = (
				15C51B23278ACB79001E1F6F /* Resources */,
				15C51B22278ACB6F001E1F6F /* Supports */,
				15C51B1F278ACA39001E1F6F /* AppExtensions */,
				15C51B02278AB584001E1F6F /* Constants */,
			);
			path = Configuration;
			sourceTree = "<group>";
		};
		15C51B02278AB584001E1F6F /* Constants */ = {
			isa = PBXGroup;
			children = (
				15C51B03278AB591001E1F6F /* Const.swift */,
				15C51B05278AB7DB001E1F6F /* Image.swift */,
			);
			path = Constants;
			sourceTree = "<group>";
		};
		15C51B07278AC1F2001E1F6F /* Source */ = {
			isa = PBXGroup;
			children = (
				15582F3C278D7AAA00C38614 /* AppSources */,
				15C51B08278AC200001E1F6F /* Scene */,
			);
			path = Source;
			sourceTree = "<group>";
		};
		15C51B08278AC200001E1F6F /* Scene */ = {
			isa = PBXGroup;
			children = (
				98116F3B2794676A00042215 /* Login */,
				14FA67C42793761B002FCDE5 /* Join */,
				98817C702792C58300819892 /* Initial */,
				98817C6627929A7700819892 /* EmailSearch */,
				15A6EED52791F829006EA23C /* CardNotYetBox */,
				98C6893B2791DE42008BB153 /* MyPageSetting */,
				15A6EEC4279066CE006EA23C /* SelectCard */,
				14A17B8A278F524C00167ECE /* AddCard */,
				15C51B0C278AC3EA001E1F6F /* Card */,
				15A6EEAD278ECB05006EA23C /* CardDetail */,
				15C51B0B278AC3E1001E1F6F /* Home */,
				15C51B0D278AC3F9001E1F6F /* Insight */,
				15C51AF3278AB2F0001E1F6F /* Main.storyboard */,
				15C51B09278AC2C5001E1F6F /* MainTabBarController.swift */,
				15C51B0E278AC408001E1F6F /* MyPage */,
			);
			path = Scene;
			sourceTree = "<group>";
		};
		15C51B0B278AC3E1001E1F6F /* Home */ = {
			isa = PBXGroup;
			children = (
				15BCB21C278EA4BC005E6D98 /* Extensions */,
				15C51B0F278AC41A001E1F6F /* Home.storyboard */,
				15C51B11278AC426001E1F6F /* HomeViewController.swift */,
			);
			path = Home;
			sourceTree = "<group>";
		};
		15C51B0C278AC3EA001E1F6F /* Card */ = {
			isa = PBXGroup;
			children = (
				15C51B13278AC42C001E1F6F /* Card.storyboard */,
				15C51B15278AC433001E1F6F /* CardViewController.swift */,
				9887523D278D7F3C006018AE /* CardBottomSheet.storyboard */,
				9887523F278D7F62006018AE /* CardBottomSheetViewController.swift */,
				98BDF5A2278F5B6A00B02F33 /* Cell */,
				98BDF5A3278F5B8A00B02F33 /* Extensions */,
			);
			path = Card;
			sourceTree = "<group>";
		};
		15C51B0D278AC3F9001E1F6F /* Insight */ = {
			isa = PBXGroup;
			children = (
				15C51B17278AC43E001E1F6F /* Insight.storyboard */,
				15C51B19278AC445001E1F6F /* InsightViewController.swift */,
			);
			path = Insight;
			sourceTree = "<group>";
		};
		15C51B0E278AC408001E1F6F /* MyPage */ = {
			isa = PBXGroup;
			children = (
				15A6EEE2279297B6006EA23C /* Cell */,
				15A6EEE1279297AD006EA23C /* Extensions */,
				15C51B1B278AC44B001E1F6F /* MyPage.storyboard */,
				15C51B1D278AC456001E1F6F /* MyPageViewController.swift */,
			);
			path = MyPage;
			sourceTree = "<group>";
		};
		15C51B1F278ACA39001E1F6F /* AppExtensions */ = {
			isa = PBXGroup;
			children = (
				15C51B20278ACA52001E1F6F /* UIColor+.swift */,
				15C51B2E278C997F001E1F6F /* UIFont+.swift */,
				98938427278D8F4D00ACDC06 /* UIView+.swift */,
				15A6EEB3278F1023006EA23C /* String+.swift */,
				14A17B88278F36EC00167ECE /* UILabel+.swift */,
				98817C6B2792A2E700819892 /* UITextField+.swift */,
				15ABE4A72794D5A400516170 /* UIImageView+.swift */,
			);
			path = AppExtensions;
			sourceTree = "<group>";
		};
		15C51B22278ACB6F001E1F6F /* Supports */ = {
			isa = PBXGroup;
			children = (
				15C51AEF278AB2F0001E1F6F /* SceneDelegate.swift */,
				15C51AED278AB2F0001E1F6F /* AppDelegate.swift */,
			);
			path = Supports;
			sourceTree = "<group>";
		};
		15C51B23278ACB79001E1F6F /* Resources */ = {
			isa = PBXGroup;
			children = (
				15232FF1279356A900F37EB4 /* Lottie */,
				15C51B25278C9879001E1F6F /* Font */,
				15C51AF8278AB2F1001E1F6F /* LaunchScreen.storyboard */,
				15C51AF6278AB2F1001E1F6F /* Assets.xcassets */,
			);
			path = Resources;
			sourceTree = "<group>";
		};
		15C51B25278C9879001E1F6F /* Font */ = {
			isa = PBXGroup;
			children = (
				15C51B28278C98B1001E1F6F /* Pretendard-Light.otf */,
				15C51B29278C98B1001E1F6F /* Pretendard-Regular.otf */,
				15C51B2A278C98B1001E1F6F /* Pretendard-SemiBold.otf */,
			);
			path = Font;
			sourceTree = "<group>";
		};
		4B4CC109876C5FE080B66C2D /* Pods */ = {
			isa = PBXGroup;
			children = (
				6A0B93B9268C3525FEDB692F /* Pods-Cardna-iOS.debug.xcconfig */,
				BAB2994FD7900731A20D87FA /* Pods-Cardna-iOS.release.xcconfig */,
			);
			path = Pods;
			sourceTree = "<group>";
		};
		98116F3B2794676A00042215 /* Login */ = {
			isa = PBXGroup;
			children = (
				9877FE482794E637005745C7 /* Extension */,
				98116F3C2794678100042215 /* Login.storyboard */,
				98116F3E2794678B00042215 /* LoginViewController.swift */,
			);
			path = Login;
			sourceTree = "<group>";
		};
		9877FE3D2794DCAF005745C7 /* LoginModel */ = {
			isa = PBXGroup;
			children = (
				9877FE3E2794DCBF005745C7 /* LoginRequest.swift */,
				9877FE402794DCC6005745C7 /* LoginResponse.swift */,
			);
			path = LoginModel;
			sourceTree = "<group>";
		};
		9877FE432794DCFE005745C7 /* LoginAPI */ = {
			isa = PBXGroup;
			children = (
				9877FE442794DD0A005745C7 /* LoginRouter.swift */,
				9877FE462794DD11005745C7 /* LoginService.swift */,
			);
			path = LoginAPI;
			sourceTree = "<group>";
		};
		9877FE482794E637005745C7 /* Extension */ = {
			isa = PBXGroup;
			children = (
				9877FE492794E64D005745C7 /* LoginViewController+Extension.swift */,
			);
			path = Extension;
			sourceTree = "<group>";
		};
		98817C6627929A7700819892 /* EmailSearch */ = {
			isa = PBXGroup;
			children = (
				98817C6727929AD200819892 /* EmailSearch.storyboard */,
				98817C6927929B0600819892 /* EmailSearchViewController.swift */,
			);
			path = EmailSearch;
			sourceTree = "<group>";
		};
		98817C702792C58300819892 /* Initial */ = {
			isa = PBXGroup;
			children = (
				98817C712792C5D100819892 /* Initial.storyboard */,
				98817C732792C5E100819892 /* InitialViewController.swift */,
			);
			path = Initial;
			sourceTree = "<group>";
		};
		98BDF5A2278F5B6A00B02F33 /* Cell */ = {
			isa = PBXGroup;
			children = (
				98BDF5A4278F5BDF00B02F33 /* CardPackTitleCollectionViewCell.swift */,
				98327CEB279075FA006AE794 /* CardContainerCollectionViewCell.swift */,
			);
			path = Cell;
			sourceTree = "<group>";
		};
		98BDF5A3278F5B8A00B02F33 /* Extensions */ = {
			isa = PBXGroup;
			children = (
				98BDF5A6278F5C3600B02F33 /* CardViewController+Extension.swift */,
			);
			path = Extensions;
			sourceTree = "<group>";
		};
		98C6893B2791DE42008BB153 /* MyPageSetting */ = {
			isa = PBXGroup;
			children = (
				98C689432791DEEF008BB153 /* Extensions */,
				98C689402791DEA7008BB153 /* Cell */,
				98C6893C2791DE51008BB153 /* MyPageSetting.storyboard */,
				98C6893E2791DE9B008BB153 /* MyPageSettingViewController.swift */,
			);
			path = MyPageSetting;
			sourceTree = "<group>";
		};
		98C689402791DEA7008BB153 /* Cell */ = {
			isa = PBXGroup;
			children = (
				98C689412791DEE8008BB153 /* MyPageSettingTitleTableViewCell.swift */,
			);
			path = Cell;
			sourceTree = "<group>";
		};
		98C689432791DEEF008BB153 /* Extensions */ = {
			isa = PBXGroup;
			children = (
				98C689442791DF05008BB153 /* MyPageSettingViewController+Extension.swift */,
			);
			path = Extensions;
			sourceTree = "<group>";
		};
		ECEBD127D549C3142E0DC5A4 /* Frameworks */ = {
			isa = PBXGroup;
			children = (
				B4C0822BAC8326FEE39E766B /* Pods_Cardna_iOS.framework */,
			);
			name = Frameworks;
			sourceTree = "<group>";
		};
/* End PBXGroup section */

/* Begin PBXNativeTarget section */
		15C51AE9278AB2F0001E1F6F /* Cardna-iOS */ = {
			isa = PBXNativeTarget;
			buildConfigurationList = 15C51AFE278AB2F1001E1F6F /* Build configuration list for PBXNativeTarget "Cardna-iOS" */;
			buildPhases = (
				94C51C8F8C912385D2230C6D /* [CP] Check Pods Manifest.lock */,
				15C51AE6278AB2F0001E1F6F /* Sources */,
				15C51AE7278AB2F0001E1F6F /* Frameworks */,
				15C51AE8278AB2F0001E1F6F /* Resources */,
				6C5790F9412D37482C533455 /* [CP] Embed Pods Frameworks */,
			);
			buildRules = (
			);
			dependencies = (
			);
			name = "Cardna-iOS";
			productName = "Cardna-iOS";
			productReference = 15C51AEA278AB2F0001E1F6F /* Cardna-iOS.app */;
			productType = "com.apple.product-type.application";
		};
/* End PBXNativeTarget section */

/* Begin PBXProject section */
		15C51AE2278AB2F0001E1F6F /* Project object */ = {
			isa = PBXProject;
			attributes = {
				BuildIndependentTargetsInParallel = 1;
				LastSwiftUpdateCheck = 1310;
				LastUpgradeCheck = 1310;
				TargetAttributes = {
					15C51AE9278AB2F0001E1F6F = {
						CreatedOnToolsVersion = 13.1;
					};
				};
			};
			buildConfigurationList = 15C51AE5278AB2F0001E1F6F /* Build configuration list for PBXProject "Cardna-iOS" */;
			compatibilityVersion = "Xcode 13.0";
			developmentRegion = en;
			hasScannedForEncodings = 0;
			knownRegions = (
				en,
				Base,
			);
			mainGroup = 15C51AE1278AB2F0001E1F6F;
			productRefGroup = 15C51AEB278AB2F0001E1F6F /* Products */;
			projectDirPath = "";
			projectRoot = "";
			targets = (
				15C51AE9278AB2F0001E1F6F /* Cardna-iOS */,
			);
		};
/* End PBXProject section */

/* Begin PBXResourcesBuildPhase section */
		15C51AE8278AB2F0001E1F6F /* Resources */ = {
			isa = PBXResourcesBuildPhase;
			buildActionMask = 2147483647;
			files = (
				98C6893D2791DE51008BB153 /* MyPageSetting.storyboard in Resources */,
				15C51AFA278AB2F1001E1F6F /* LaunchScreen.storyboard in Resources */,
				142A7216279075AC00500364 /* AddCardBottomSheet.storyboard in Resources */,
				98817C722792C5D100819892 /* Initial.storyboard in Resources */,
				15C51B2B278C98B1001E1F6F /* Pretendard-Light.otf in Resources */,
				15C51B14278AC42C001E1F6F /* Card.storyboard in Resources */,
				15C51AF7278AB2F1001E1F6F /* Assets.xcassets in Resources */,
				15232FF7279356C000F37EB4 /* gif_confetti.json in Resources */,
				15C51B2C278C98B1001E1F6F /* Pretendard-Regular.otf in Resources */,
				15A6EEB0278ECB2A006EA23C /* CardDetail.storyboard in Resources */,
				98817C6827929AD200819892 /* EmailSearch.storyboard in Resources */,
				15582F41278D7B2400C38614 /* CardCollectionViewCell.xib in Resources */,
				15C51AF5278AB2F0001E1F6F /* Main.storyboard in Resources */,
				14FA67C62793764D002FCDE5 /* JoinViewController.storyboard in Resources */,
				15A6EEEA2792A036006EA23C /* ProfileCollectionViewCell.xib in Resources */,
				15C51B1C278AC44B001E1F6F /* MyPage.storyboard in Resources */,
				9887523E278D7F3C006018AE /* CardBottomSheet.storyboard in Resources */,
				98116F3D2794678100042215 /* Login.storyboard in Resources */,
				15C51B2D278C98B1001E1F6F /* Pretendard-SemiBold.otf in Resources */,
				15A6EEDD2792001E006EA23C /* ListTableViewCell.xib in Resources */,
				15232FF3279356B400F37EB4 /* lottie_cardyou.json in Resources */,
				15A6EED72791F87F006EA23C /* CardNotYetBox.storyboard in Resources */,
				15C51B10278AC41A001E1F6F /* Home.storyboard in Resources */,
				143E2D652793077400706038 /* AddCardCompletedViewController.storyboard in Resources */,
				15A6EEC6279066F6006EA23C /* SelectCard.storyboard in Resources */,
				15232FF5279356B900F37EB4 /* lottie_cardme.json in Resources */,
				15C51B18278AC43E001E1F6F /* Insight.storyboard in Resources */,
			);
			runOnlyForDeploymentPostprocessing = 0;
		};
/* End PBXResourcesBuildPhase section */

/* Begin PBXShellScriptBuildPhase section */
		6C5790F9412D37482C533455 /* [CP] Embed Pods Frameworks */ = {
			isa = PBXShellScriptBuildPhase;
			buildActionMask = 2147483647;
			files = (
			);
			inputFileListPaths = (
				"${PODS_ROOT}/Target Support Files/Pods-Cardna-iOS/Pods-Cardna-iOS-frameworks-${CONFIGURATION}-input-files.xcfilelist",
			);
			name = "[CP] Embed Pods Frameworks";
			outputFileListPaths = (
				"${PODS_ROOT}/Target Support Files/Pods-Cardna-iOS/Pods-Cardna-iOS-frameworks-${CONFIGURATION}-output-files.xcfilelist",
			);
			runOnlyForDeploymentPostprocessing = 0;
			shellPath = /bin/sh;
			shellScript = "\"${PODS_ROOT}/Target Support Files/Pods-Cardna-iOS/Pods-Cardna-iOS-frameworks.sh\"\n";
			showEnvVarsInLog = 0;
		};
		94C51C8F8C912385D2230C6D /* [CP] Check Pods Manifest.lock */ = {
			isa = PBXShellScriptBuildPhase;
			buildActionMask = 2147483647;
			files = (
			);
			inputFileListPaths = (
			);
			inputPaths = (
				"${PODS_PODFILE_DIR_PATH}/Podfile.lock",
				"${PODS_ROOT}/Manifest.lock",
			);
			name = "[CP] Check Pods Manifest.lock";
			outputFileListPaths = (
			);
			outputPaths = (
				"$(DERIVED_FILE_DIR)/Pods-Cardna-iOS-checkManifestLockResult.txt",
			);
			runOnlyForDeploymentPostprocessing = 0;
			shellPath = /bin/sh;
			shellScript = "diff \"${PODS_PODFILE_DIR_PATH}/Podfile.lock\" \"${PODS_ROOT}/Manifest.lock\" > /dev/null\nif [ $? != 0 ] ; then\n    # print error to STDERR\n    echo \"error: The sandbox is not in sync with the Podfile.lock. Run 'pod install' or update your CocoaPods installation.\" >&2\n    exit 1\nfi\n# This output is used by Xcode 'outputs' to avoid re-running this script phase.\necho \"SUCCESS\" > \"${SCRIPT_OUTPUT_FILE_0}\"\n";
			showEnvVarsInLog = 0;
		};
/* End PBXShellScriptBuildPhase section */

/* Begin PBXSourcesBuildPhase section */
		15C51AE6278AB2F0001E1F6F /* Sources */ = {
			isa = PBXSourcesBuildPhase;
			buildActionMask = 2147483647;
			files = (
				15C51B2F278C997F001E1F6F /* UIFont+.swift in Sources */,
				14FA67C827937660002FCDE5 /* JoinViewController.swift in Sources */,
				15A6EED42791EA8D006EA23C /* SelectCardModalViewController+Extension.swift in Sources */,
				15A6EECD27907782006EA23C /* SelectCardHeaderCollectionReusableView.swift in Sources */,
				98C689452791DF05008BB153 /* MyPageSettingViewController+Extension.swift in Sources */,
				15C51B04278AB591001E1F6F /* Const.swift in Sources */,
				15A6EED22791E7C3006EA23C /* SelectCardModalViewController.swift in Sources */,
				14A17B89278F36EC00167ECE /* UILabel+.swift in Sources */,
				98BDF5A5278F5BDF00B02F33 /* CardPackTitleCollectionViewCell.swift in Sources */,
				15A6EECB27907201006EA23C /* SelectCardViewController+Extension.swift in Sources */,
				146DA7B12792A883006480F9 /* AddCardBottomSheetViewController+Extension.swift in Sources */,
				98817C6C2792A2E700819892 /* UITextField+.swift in Sources */,
				15C51B1E278AC456001E1F6F /* MyPageViewController.swift in Sources */,
				15C51B16278AC433001E1F6F /* CardViewController.swift in Sources */,
				15582F40278D7B2400C38614 /* CardCollectionViewCell.swift in Sources */,
				15A6EEB2278ECB42006EA23C /* CardDetailViewController.swift in Sources */,
				15A6EEE4279298BD006EA23C /* MyPageViewController+Extension.swift in Sources */,
				15BCB21E278EA4E9005E6D98 /* HomeViewController+Extension.swift in Sources */,
				15A6EEDC2792001E006EA23C /* ListTableViewCell.swift in Sources */,
				15233001279366A300F37EB4 /* NetworkConstant.swift in Sources */,
				9877FE412794DCC6005745C7 /* LoginResponse.swift in Sources */,
				15ABE4B02794DB7900516170 /* MainCardService.swift in Sources */,
				15ABE4AB2794D9A200516170 /* MyPageRouter.swift in Sources */,
				15ABE4A82794D5A400516170 /* UIImageView+.swift in Sources */,
				15A6EEE0279202AA006EA23C /* CardNotYetBoxViewController+Extension.swift in Sources */,
				15232FFD2793617F00F37EB4 /* MoyaLoggingPlugin.swift in Sources */,
				98BDF5A7278F5C3600B02F33 /* CardViewController+Extension.swift in Sources */,
				9877FE472794DD11005745C7 /* LoginService.swift in Sources */,
				15C51AEE278AB2F0001E1F6F /* AppDelegate.swift in Sources */,
				142A7218279075CF00500364 /* AddCardBottomSheetViewController.swift in Sources */,
				98116F3F2794678B00042215 /* LoginViewController.swift in Sources */,
				15C51B1A278AC445001E1F6F /* InsightViewController.swift in Sources */,
				15ABE4B22794DBC100516170 /* MyPageResponse.swift in Sources */,
				152330032793670B00F37EB4 /* BaseTargetType.swift in Sources */,
				15ABE4AD2794D9A900516170 /* MyPageService.swift in Sources */,
				14A17B8F278F52B200167ECE /* AddCardViewController+Extension.swift in Sources */,
				15C51B0A278AC2C5001E1F6F /* MainTabBarController.swift in Sources */,
				15ABE4A12794CD0E00516170 /* MainCardRouter.swift in Sources */,
				15C51AF0278AB2F0001E1F6F /* SceneDelegate.swift in Sources */,
				9877FE452794DD0A005745C7 /* LoginRouter.swift in Sources */,
				15ABE4A62794CD6900516170 /* MainCardResponse.swift in Sources */,
				15A6EEEC2792A165006EA23C /* MyPageFriendsTableViewCell.swift in Sources */,
				15C51B06278AB7DB001E1F6F /* Image.swift in Sources */,
				98327CEC279075FA006AE794 /* CardContainerCollectionViewCell.swift in Sources */,
				98C689422791DEE8008BB153 /* MyPageSettingTitleTableViewCell.swift in Sources */,
				98817C742792C5E100819892 /* InitialViewController.swift in Sources */,
				14A9327827945589006B4D86 /* JoinNameViewController.swift in Sources */,
				15232FFB2793613D00F37EB4 /* NetworkResult.swift in Sources */,
				98938428278D8F4D00ACDC06 /* UIView+.swift in Sources */,
				98875240278D7F62006018AE /* CardBottomSheetViewController.swift in Sources */,
				15A6EEB4278F1023006EA23C /* String+.swift in Sources */,
				15A6EEE627929A4E006EA23C /* MyPageProfileTableViewCell.swift in Sources */,
				9877FE4A2794E64D005745C7 /* LoginViewController+Extension.swift in Sources */,
				15A6EEC8279066FE006EA23C /* SelectCardViewController.swift in Sources */,
				98817C6A27929B0600819892 /* EmailSearchViewController.swift in Sources */,
				142A721A27915F3400500364 /* AddCardSymbolCollectionViewCell.swift in Sources */,
				15C51B12278AC426001E1F6F /* HomeViewController.swift in Sources */,
				15232FFF2793669A00F37EB4 /* URLConstant.swift in Sources */,
				143E2D672793079100706038 /* AddCardCompletedViewController.swift in Sources */,
				15A6EEE92792A036006EA23C /* ProfileCollectionViewCell.swift in Sources */,
				98C6893F2791DE9B008BB153 /* MyPageSettingViewController.swift in Sources */,
				15A6EED92791F8BB006EA23C /* CardNotYetBoxViewController.swift in Sources */,
				15C51B21278ACA52001E1F6F /* UIColor+.swift in Sources */,
				158A2EEF27945FAC007C4163 /* GeneralResponse.swift in Sources */,
				14A5AFB6278E815A00B8BD84 /* AddCardViewController.swift in Sources */,
				9877FE3F2794DCBF005745C7 /* LoginRequest.swift in Sources */,
			);
			runOnlyForDeploymentPostprocessing = 0;
		};
/* End PBXSourcesBuildPhase section */

/* Begin PBXVariantGroup section */
		15C51AF3278AB2F0001E1F6F /* Main.storyboard */ = {
			isa = PBXVariantGroup;
			children = (
				15C51AF4278AB2F0001E1F6F /* Base */,
			);
			name = Main.storyboard;
			sourceTree = "<group>";
		};
		15C51AF8278AB2F1001E1F6F /* LaunchScreen.storyboard */ = {
			isa = PBXVariantGroup;
			children = (
				15C51AF9278AB2F1001E1F6F /* Base */,
			);
			name = LaunchScreen.storyboard;
			sourceTree = "<group>";
		};
/* End PBXVariantGroup section */

/* Begin XCBuildConfiguration section */
		15C51AFC278AB2F1001E1F6F /* Debug */ = {
			isa = XCBuildConfiguration;
			buildSettings = {
				ALWAYS_SEARCH_USER_PATHS = NO;
				CLANG_ANALYZER_NONNULL = YES;
				CLANG_ANALYZER_NUMBER_OBJECT_CONVERSION = YES_AGGRESSIVE;
				CLANG_CXX_LANGUAGE_STANDARD = "gnu++17";
				CLANG_CXX_LIBRARY = "libc++";
				CLANG_ENABLE_MODULES = YES;
				CLANG_ENABLE_OBJC_ARC = YES;
				CLANG_ENABLE_OBJC_WEAK = YES;
				CLANG_WARN_BLOCK_CAPTURE_AUTORELEASING = YES;
				CLANG_WARN_BOOL_CONVERSION = YES;
				CLANG_WARN_COMMA = YES;
				CLANG_WARN_CONSTANT_CONVERSION = YES;
				CLANG_WARN_DEPRECATED_OBJC_IMPLEMENTATIONS = YES;
				CLANG_WARN_DIRECT_OBJC_ISA_USAGE = YES_ERROR;
				CLANG_WARN_DOCUMENTATION_COMMENTS = YES;
				CLANG_WARN_EMPTY_BODY = YES;
				CLANG_WARN_ENUM_CONVERSION = YES;
				CLANG_WARN_INFINITE_RECURSION = YES;
				CLANG_WARN_INT_CONVERSION = YES;
				CLANG_WARN_NON_LITERAL_NULL_CONVERSION = YES;
				CLANG_WARN_OBJC_IMPLICIT_RETAIN_SELF = YES;
				CLANG_WARN_OBJC_LITERAL_CONVERSION = YES;
				CLANG_WARN_OBJC_ROOT_CLASS = YES_ERROR;
				CLANG_WARN_QUOTED_INCLUDE_IN_FRAMEWORK_HEADER = YES;
				CLANG_WARN_RANGE_LOOP_ANALYSIS = YES;
				CLANG_WARN_STRICT_PROTOTYPES = YES;
				CLANG_WARN_SUSPICIOUS_MOVE = YES;
				CLANG_WARN_UNGUARDED_AVAILABILITY = YES_AGGRESSIVE;
				CLANG_WARN_UNREACHABLE_CODE = YES;
				CLANG_WARN__DUPLICATE_METHOD_MATCH = YES;
				COPY_PHASE_STRIP = NO;
				DEBUG_INFORMATION_FORMAT = dwarf;
				ENABLE_STRICT_OBJC_MSGSEND = YES;
				ENABLE_TESTABILITY = YES;
				GCC_C_LANGUAGE_STANDARD = gnu11;
				GCC_DYNAMIC_NO_PIC = NO;
				GCC_NO_COMMON_BLOCKS = YES;
				GCC_OPTIMIZATION_LEVEL = 0;
				GCC_PREPROCESSOR_DEFINITIONS = (
					"DEBUG=1",
					"$(inherited)",
				);
				GCC_WARN_64_TO_32_BIT_CONVERSION = YES;
				GCC_WARN_ABOUT_RETURN_TYPE = YES_ERROR;
				GCC_WARN_UNDECLARED_SELECTOR = YES;
				GCC_WARN_UNINITIALIZED_AUTOS = YES_AGGRESSIVE;
				GCC_WARN_UNUSED_FUNCTION = YES;
				GCC_WARN_UNUSED_VARIABLE = YES;
				IPHONEOS_DEPLOYMENT_TARGET = 15.0;
				MTL_ENABLE_DEBUG_INFO = INCLUDE_SOURCE;
				MTL_FAST_MATH = YES;
				ONLY_ACTIVE_ARCH = YES;
				SDKROOT = iphoneos;
				SWIFT_ACTIVE_COMPILATION_CONDITIONS = DEBUG;
				SWIFT_OPTIMIZATION_LEVEL = "-Onone";
			};
			name = Debug;
		};
		15C51AFD278AB2F1001E1F6F /* Release */ = {
			isa = XCBuildConfiguration;
			buildSettings = {
				ALWAYS_SEARCH_USER_PATHS = NO;
				CLANG_ANALYZER_NONNULL = YES;
				CLANG_ANALYZER_NUMBER_OBJECT_CONVERSION = YES_AGGRESSIVE;
				CLANG_CXX_LANGUAGE_STANDARD = "gnu++17";
				CLANG_CXX_LIBRARY = "libc++";
				CLANG_ENABLE_MODULES = YES;
				CLANG_ENABLE_OBJC_ARC = YES;
				CLANG_ENABLE_OBJC_WEAK = YES;
				CLANG_WARN_BLOCK_CAPTURE_AUTORELEASING = YES;
				CLANG_WARN_BOOL_CONVERSION = YES;
				CLANG_WARN_COMMA = YES;
				CLANG_WARN_CONSTANT_CONVERSION = YES;
				CLANG_WARN_DEPRECATED_OBJC_IMPLEMENTATIONS = YES;
				CLANG_WARN_DIRECT_OBJC_ISA_USAGE = YES_ERROR;
				CLANG_WARN_DOCUMENTATION_COMMENTS = YES;
				CLANG_WARN_EMPTY_BODY = YES;
				CLANG_WARN_ENUM_CONVERSION = YES;
				CLANG_WARN_INFINITE_RECURSION = YES;
				CLANG_WARN_INT_CONVERSION = YES;
				CLANG_WARN_NON_LITERAL_NULL_CONVERSION = YES;
				CLANG_WARN_OBJC_IMPLICIT_RETAIN_SELF = YES;
				CLANG_WARN_OBJC_LITERAL_CONVERSION = YES;
				CLANG_WARN_OBJC_ROOT_CLASS = YES_ERROR;
				CLANG_WARN_QUOTED_INCLUDE_IN_FRAMEWORK_HEADER = YES;
				CLANG_WARN_RANGE_LOOP_ANALYSIS = YES;
				CLANG_WARN_STRICT_PROTOTYPES = YES;
				CLANG_WARN_SUSPICIOUS_MOVE = YES;
				CLANG_WARN_UNGUARDED_AVAILABILITY = YES_AGGRESSIVE;
				CLANG_WARN_UNREACHABLE_CODE = YES;
				CLANG_WARN__DUPLICATE_METHOD_MATCH = YES;
				COPY_PHASE_STRIP = NO;
				DEBUG_INFORMATION_FORMAT = "dwarf-with-dsym";
				ENABLE_NS_ASSERTIONS = NO;
				ENABLE_STRICT_OBJC_MSGSEND = YES;
				GCC_C_LANGUAGE_STANDARD = gnu11;
				GCC_NO_COMMON_BLOCKS = YES;
				GCC_WARN_64_TO_32_BIT_CONVERSION = YES;
				GCC_WARN_ABOUT_RETURN_TYPE = YES_ERROR;
				GCC_WARN_UNDECLARED_SELECTOR = YES;
				GCC_WARN_UNINITIALIZED_AUTOS = YES_AGGRESSIVE;
				GCC_WARN_UNUSED_FUNCTION = YES;
				GCC_WARN_UNUSED_VARIABLE = YES;
				IPHONEOS_DEPLOYMENT_TARGET = 15.0;
				MTL_ENABLE_DEBUG_INFO = NO;
				MTL_FAST_MATH = YES;
				SDKROOT = iphoneos;
				SWIFT_COMPILATION_MODE = wholemodule;
				SWIFT_OPTIMIZATION_LEVEL = "-O";
				VALIDATE_PRODUCT = YES;
			};
			name = Release;
		};
		15C51AFF278AB2F1001E1F6F /* Debug */ = {
			isa = XCBuildConfiguration;
			baseConfigurationReference = 6A0B93B9268C3525FEDB692F /* Pods-Cardna-iOS.debug.xcconfig */;
			buildSettings = {
				ASSETCATALOG_COMPILER_APPICON_NAME = AppIcon;
				ASSETCATALOG_COMPILER_GLOBAL_ACCENT_COLOR_NAME = AccentColor;
				CODE_SIGN_STYLE = Automatic;
				CURRENT_PROJECT_VERSION = 1;
				DEVELOPMENT_TEAM = 8TDPZKXY69;
				GENERATE_INFOPLIST_FILE = YES;
				INFOPLIST_FILE = "Cardna-iOS/Info.plist";
				INFOPLIST_KEY_UIApplicationSupportsIndirectInputEvents = YES;
				INFOPLIST_KEY_UILaunchStoryboardName = LaunchScreen;
				INFOPLIST_KEY_UIMainStoryboardFile = Main;
				INFOPLIST_KEY_UISupportedInterfaceOrientations_iPad = "UIInterfaceOrientationPortrait UIInterfaceOrientationPortraitUpsideDown UIInterfaceOrientationLandscapeLeft UIInterfaceOrientationLandscapeRight";
				INFOPLIST_KEY_UISupportedInterfaceOrientations_iPhone = "UIInterfaceOrientationPortrait UIInterfaceOrientationLandscapeLeft UIInterfaceOrientationLandscapeRight";
				LD_RUNPATH_SEARCH_PATHS = (
					"$(inherited)",
					"@executable_path/Frameworks",
				);
				MARKETING_VERSION = 1.0;
				PRODUCT_BUNDLE_IDENTIFIER = "kimhyesu.Cardna-iOS";
				PRODUCT_NAME = "$(TARGET_NAME)";
				SWIFT_EMIT_LOC_STRINGS = YES;
				SWIFT_VERSION = 5.0;
				TARGETED_DEVICE_FAMILY = "1,2";
			};
			name = Debug;
		};
		15C51B00278AB2F1001E1F6F /* Release */ = {
			isa = XCBuildConfiguration;
			baseConfigurationReference = BAB2994FD7900731A20D87FA /* Pods-Cardna-iOS.release.xcconfig */;
			buildSettings = {
				ASSETCATALOG_COMPILER_APPICON_NAME = AppIcon;
				ASSETCATALOG_COMPILER_GLOBAL_ACCENT_COLOR_NAME = AccentColor;
				CODE_SIGN_STYLE = Automatic;
				CURRENT_PROJECT_VERSION = 1;
				DEVELOPMENT_TEAM = 8TDPZKXY69;
				GENERATE_INFOPLIST_FILE = YES;
				INFOPLIST_FILE = "Cardna-iOS/Info.plist";
				INFOPLIST_KEY_UIApplicationSupportsIndirectInputEvents = YES;
				INFOPLIST_KEY_UILaunchStoryboardName = LaunchScreen;
				INFOPLIST_KEY_UIMainStoryboardFile = Main;
				INFOPLIST_KEY_UISupportedInterfaceOrientations_iPad = "UIInterfaceOrientationPortrait UIInterfaceOrientationPortraitUpsideDown UIInterfaceOrientationLandscapeLeft UIInterfaceOrientationLandscapeRight";
				INFOPLIST_KEY_UISupportedInterfaceOrientations_iPhone = "UIInterfaceOrientationPortrait UIInterfaceOrientationLandscapeLeft UIInterfaceOrientationLandscapeRight";
				LD_RUNPATH_SEARCH_PATHS = (
					"$(inherited)",
					"@executable_path/Frameworks",
				);
				MARKETING_VERSION = 1.0;
				PRODUCT_BUNDLE_IDENTIFIER = "kimhyesu.Cardna-iOS";
				PRODUCT_NAME = "$(TARGET_NAME)";
				SWIFT_EMIT_LOC_STRINGS = YES;
				SWIFT_VERSION = 5.0;
				TARGETED_DEVICE_FAMILY = "1,2";
			};
			name = Release;
		};
/* End XCBuildConfiguration section */

/* Begin XCConfigurationList section */
		15C51AE5278AB2F0001E1F6F /* Build configuration list for PBXProject "Cardna-iOS" */ = {
			isa = XCConfigurationList;
			buildConfigurations = (
				15C51AFC278AB2F1001E1F6F /* Debug */,
				15C51AFD278AB2F1001E1F6F /* Release */,
			);
			defaultConfigurationIsVisible = 0;
			defaultConfigurationName = Release;
		};
		15C51AFE278AB2F1001E1F6F /* Build configuration list for PBXNativeTarget "Cardna-iOS" */ = {
			isa = XCConfigurationList;
			buildConfigurations = (
				15C51AFF278AB2F1001E1F6F /* Debug */,
				15C51B00278AB2F1001E1F6F /* Release */,
			);
			defaultConfigurationIsVisible = 0;
			defaultConfigurationName = Release;
		};
/* End XCConfigurationList section */
	};
	rootObject = 15C51AE2278AB2F0001E1F6F /* Project object */;
}
