// !$*UTF8*$!
{
	archiveVersion = 1;
	classes = {
	};
	objectVersion = 55;
	objects = {

/* Begin PBXBuildFile section */
		15582F40278D7B2400C38614 /* CardCollectionViewCell.swift in Sources */ = {isa = PBXBuildFile; fileRef = 15582F3E278D7B2400C38614 /* CardCollectionViewCell.swift */; };
		15582F41278D7B2400C38614 /* CardCollectionViewCell.xib in Resources */ = {isa = PBXBuildFile; fileRef = 15582F3F278D7B2400C38614 /* CardCollectionViewCell.xib */; };
		15A6EEB0278ECB2A006EA23C /* CardDetail.storyboard in Resources */ = {isa = PBXBuildFile; fileRef = 15A6EEAF278ECB2A006EA23C /* CardDetail.storyboard */; };
		15A6EEB2278ECB42006EA23C /* CardDetailViewController.swift in Sources */ = {isa = PBXBuildFile; fileRef = 15A6EEB1278ECB42006EA23C /* CardDetailViewController.swift */; };
		15A6EEB4278F1023006EA23C /* String+.swift in Sources */ = {isa = PBXBuildFile; fileRef = 15A6EEB3278F1023006EA23C /* String+.swift */; };
		15BCB21E278EA4E9005E6D98 /* HomeViewController+Extension.swift in Sources */ = {isa = PBXBuildFile; fileRef = 15BCB21D278EA4E9005E6D98 /* HomeViewController+Extension.swift */; };
		15C51AEE278AB2F0001E1F6F /* AppDelegate.swift in Sources */ = {isa = PBXBuildFile; fileRef = 15C51AED278AB2F0001E1F6F /* AppDelegate.swift */; };
		15C51AF0278AB2F0001E1F6F /* SceneDelegate.swift in Sources */ = {isa = PBXBuildFile; fileRef = 15C51AEF278AB2F0001E1F6F /* SceneDelegate.swift */; };
		15C51AF5278AB2F0001E1F6F /* Main.storyboard in Resources */ = {isa = PBXBuildFile; fileRef = 15C51AF3278AB2F0001E1F6F /* Main.storyboard */; };
		15C51AF7278AB2F1001E1F6F /* Assets.xcassets in Resources */ = {isa = PBXBuildFile; fileRef = 15C51AF6278AB2F1001E1F6F /* Assets.xcassets */; };
		15C51AFA278AB2F1001E1F6F /* LaunchScreen.storyboard in Resources */ = {isa = PBXBuildFile; fileRef = 15C51AF8278AB2F1001E1F6F /* LaunchScreen.storyboard */; };
		15C51B04278AB591001E1F6F /* Const.swift in Sources */ = {isa = PBXBuildFile; fileRef = 15C51B03278AB591001E1F6F /* Const.swift */; };
		15C51B06278AB7DB001E1F6F /* Image.swift in Sources */ = {isa = PBXBuildFile; fileRef = 15C51B05278AB7DB001E1F6F /* Image.swift */; };
		15C51B0A278AC2C5001E1F6F /* MainTabBarController.swift in Sources */ = {isa = PBXBuildFile; fileRef = 15C51B09278AC2C5001E1F6F /* MainTabBarController.swift */; };
		15C51B10278AC41A001E1F6F /* Home.storyboard in Resources */ = {isa = PBXBuildFile; fileRef = 15C51B0F278AC41A001E1F6F /* Home.storyboard */; };
		15C51B12278AC426001E1F6F /* HomeViewController.swift in Sources */ = {isa = PBXBuildFile; fileRef = 15C51B11278AC426001E1F6F /* HomeViewController.swift */; };
		15C51B14278AC42C001E1F6F /* Card.storyboard in Resources */ = {isa = PBXBuildFile; fileRef = 15C51B13278AC42C001E1F6F /* Card.storyboard */; };
		15C51B16278AC433001E1F6F /* CardViewController.swift in Sources */ = {isa = PBXBuildFile; fileRef = 15C51B15278AC433001E1F6F /* CardViewController.swift */; };
		15C51B18278AC43E001E1F6F /* Insight.storyboard in Resources */ = {isa = PBXBuildFile; fileRef = 15C51B17278AC43E001E1F6F /* Insight.storyboard */; };
		15C51B1A278AC445001E1F6F /* InsightViewController.swift in Sources */ = {isa = PBXBuildFile; fileRef = 15C51B19278AC445001E1F6F /* InsightViewController.swift */; };
		15C51B1C278AC44B001E1F6F /* MyPage.storyboard in Resources */ = {isa = PBXBuildFile; fileRef = 15C51B1B278AC44B001E1F6F /* MyPage.storyboard */; };
		15C51B1E278AC456001E1F6F /* MyPageViewController.swift in Sources */ = {isa = PBXBuildFile; fileRef = 15C51B1D278AC456001E1F6F /* MyPageViewController.swift */; };
		15C51B21278ACA52001E1F6F /* UIColor+.swift in Sources */ = {isa = PBXBuildFile; fileRef = 15C51B20278ACA52001E1F6F /* UIColor+.swift */; };
		15C51B2B278C98B1001E1F6F /* Pretendard-Light.otf in Resources */ = {isa = PBXBuildFile; fileRef = 15C51B28278C98B1001E1F6F /* Pretendard-Light.otf */; };
		15C51B2C278C98B1001E1F6F /* Pretendard-Regular.otf in Resources */ = {isa = PBXBuildFile; fileRef = 15C51B29278C98B1001E1F6F /* Pretendard-Regular.otf */; };
		15C51B2D278C98B1001E1F6F /* Pretendard-SemiBold.otf in Resources */ = {isa = PBXBuildFile; fileRef = 15C51B2A278C98B1001E1F6F /* Pretendard-SemiBold.otf */; };
		15C51B2F278C997F001E1F6F /* UIFont+.swift in Sources */ = {isa = PBXBuildFile; fileRef = 15C51B2E278C997F001E1F6F /* UIFont+.swift */; };
		294375D6BD6AACBECF5E84B0 /* Pods_Cardna_iOS.framework in Frameworks */ = {isa = PBXBuildFile; fileRef = B4C0822BAC8326FEE39E766B /* Pods_Cardna_iOS.framework */; };
		9887523E278D7F3C006018AE /* CardBottomSheet.storyboard in Resources */ = {isa = PBXBuildFile; fileRef = 9887523D278D7F3C006018AE /* CardBottomSheet.storyboard */; };
		98875240278D7F62006018AE /* CardBottomSheetViewController.swift in Sources */ = {isa = PBXBuildFile; fileRef = 9887523F278D7F62006018AE /* CardBottomSheetViewController.swift */; };
		98938428278D8F4D00ACDC06 /* UIView+.swift in Sources */ = {isa = PBXBuildFile; fileRef = 98938427278D8F4D00ACDC06 /* UIView+.swift */; };
/* End PBXBuildFile section */

/* Begin PBXFileReference section */
		15582F3E278D7B2400C38614 /* CardCollectionViewCell.swift */ = {isa = PBXFileReference; lastKnownFileType = sourcecode.swift; path = CardCollectionViewCell.swift; sourceTree = "<group>"; };
		15582F3F278D7B2400C38614 /* CardCollectionViewCell.xib */ = {isa = PBXFileReference; lastKnownFileType = file.xib; path = CardCollectionViewCell.xib; sourceTree = "<group>"; };
		15A6EEAF278ECB2A006EA23C /* CardDetail.storyboard */ = {isa = PBXFileReference; lastKnownFileType = file.storyboard; path = CardDetail.storyboard; sourceTree = "<group>"; };
		15A6EEB1278ECB42006EA23C /* CardDetailViewController.swift */ = {isa = PBXFileReference; lastKnownFileType = sourcecode.swift; path = CardDetailViewController.swift; sourceTree = "<group>"; };
		15A6EEB3278F1023006EA23C /* String+.swift */ = {isa = PBXFileReference; lastKnownFileType = sourcecode.swift; path = "String+.swift"; sourceTree = "<group>"; };
		15BCB21D278EA4E9005E6D98 /* HomeViewController+Extension.swift */ = {isa = PBXFileReference; lastKnownFileType = sourcecode.swift; path = "HomeViewController+Extension.swift"; sourceTree = "<group>"; };
		15C51AEA278AB2F0001E1F6F /* Cardna-iOS.app */ = {isa = PBXFileReference; explicitFileType = wrapper.application; includeInIndex = 0; path = "Cardna-iOS.app"; sourceTree = BUILT_PRODUCTS_DIR; };
		15C51AED278AB2F0001E1F6F /* AppDelegate.swift */ = {isa = PBXFileReference; lastKnownFileType = sourcecode.swift; path = AppDelegate.swift; sourceTree = "<group>"; };
		15C51AEF278AB2F0001E1F6F /* SceneDelegate.swift */ = {isa = PBXFileReference; lastKnownFileType = sourcecode.swift; path = SceneDelegate.swift; sourceTree = "<group>"; };
		15C51AF4278AB2F0001E1F6F /* Base */ = {isa = PBXFileReference; lastKnownFileType = file.storyboard; name = Base; path = Base.lproj/Main.storyboard; sourceTree = "<group>"; };
		15C51AF6278AB2F1001E1F6F /* Assets.xcassets */ = {isa = PBXFileReference; lastKnownFileType = folder.assetcatalog; path = Assets.xcassets; sourceTree = "<group>"; };
		15C51AF9278AB2F1001E1F6F /* Base */ = {isa = PBXFileReference; lastKnownFileType = file.storyboard; name = Base; path = Base.lproj/LaunchScreen.storyboard; sourceTree = "<group>"; };
		15C51AFB278AB2F1001E1F6F /* Info.plist */ = {isa = PBXFileReference; lastKnownFileType = text.plist.xml; path = Info.plist; sourceTree = "<group>"; };
		15C51B03278AB591001E1F6F /* Const.swift */ = {isa = PBXFileReference; lastKnownFileType = sourcecode.swift; path = Const.swift; sourceTree = "<group>"; };
		15C51B05278AB7DB001E1F6F /* Image.swift */ = {isa = PBXFileReference; lastKnownFileType = sourcecode.swift; path = Image.swift; sourceTree = "<group>"; };
		15C51B09278AC2C5001E1F6F /* MainTabBarController.swift */ = {isa = PBXFileReference; lastKnownFileType = sourcecode.swift; path = MainTabBarController.swift; sourceTree = "<group>"; };
		15C51B0F278AC41A001E1F6F /* Home.storyboard */ = {isa = PBXFileReference; lastKnownFileType = file.storyboard; path = Home.storyboard; sourceTree = "<group>"; };
		15C51B11278AC426001E1F6F /* HomeViewController.swift */ = {isa = PBXFileReference; lastKnownFileType = sourcecode.swift; path = HomeViewController.swift; sourceTree = "<group>"; };
		15C51B13278AC42C001E1F6F /* Card.storyboard */ = {isa = PBXFileReference; lastKnownFileType = file.storyboard; path = Card.storyboard; sourceTree = "<group>"; };
		15C51B15278AC433001E1F6F /* CardViewController.swift */ = {isa = PBXFileReference; lastKnownFileType = sourcecode.swift; path = CardViewController.swift; sourceTree = "<group>"; };
		15C51B17278AC43E001E1F6F /* Insight.storyboard */ = {isa = PBXFileReference; lastKnownFileType = file.storyboard; path = Insight.storyboard; sourceTree = "<group>"; };
		15C51B19278AC445001E1F6F /* InsightViewController.swift */ = {isa = PBXFileReference; lastKnownFileType = sourcecode.swift; path = InsightViewController.swift; sourceTree = "<group>"; };
		15C51B1B278AC44B001E1F6F /* MyPage.storyboard */ = {isa = PBXFileReference; lastKnownFileType = file.storyboard; path = MyPage.storyboard; sourceTree = "<group>"; };
		15C51B1D278AC456001E1F6F /* MyPageViewController.swift */ = {isa = PBXFileReference; lastKnownFileType = sourcecode.swift; path = MyPageViewController.swift; sourceTree = "<group>"; };
		15C51B20278ACA52001E1F6F /* UIColor+.swift */ = {isa = PBXFileReference; lastKnownFileType = sourcecode.swift; path = "UIColor+.swift"; sourceTree = "<group>"; };
		15C51B28278C98B1001E1F6F /* Pretendard-Light.otf */ = {isa = PBXFileReference; lastKnownFileType = file; path = "Pretendard-Light.otf"; sourceTree = "<group>"; };
		15C51B29278C98B1001E1F6F /* Pretendard-Regular.otf */ = {isa = PBXFileReference; lastKnownFileType = file; path = "Pretendard-Regular.otf"; sourceTree = "<group>"; };
		15C51B2A278C98B1001E1F6F /* Pretendard-SemiBold.otf */ = {isa = PBXFileReference; lastKnownFileType = file; path = "Pretendard-SemiBold.otf"; sourceTree = "<group>"; };
		15C51B2E278C997F001E1F6F /* UIFont+.swift */ = {isa = PBXFileReference; lastKnownFileType = sourcecode.swift; path = "UIFont+.swift"; sourceTree = "<group>"; };
		6A0B93B9268C3525FEDB692F /* Pods-Cardna-iOS.debug.xcconfig */ = {isa = PBXFileReference; includeInIndex = 1; lastKnownFileType = text.xcconfig; name = "Pods-Cardna-iOS.debug.xcconfig"; path = "Target Support Files/Pods-Cardna-iOS/Pods-Cardna-iOS.debug.xcconfig"; sourceTree = "<group>"; };
		9887523D278D7F3C006018AE /* CardBottomSheet.storyboard */ = {isa = PBXFileReference; lastKnownFileType = file.storyboard; path = CardBottomSheet.storyboard; sourceTree = "<group>"; };
		9887523F278D7F62006018AE /* CardBottomSheetViewController.swift */ = {isa = PBXFileReference; lastKnownFileType = sourcecode.swift; path = CardBottomSheetViewController.swift; sourceTree = "<group>"; };
		98938427278D8F4D00ACDC06 /* UIView+.swift */ = {isa = PBXFileReference; lastKnownFileType = sourcecode.swift; path = "UIView+.swift"; sourceTree = "<group>"; };
		B4C0822BAC8326FEE39E766B /* Pods_Cardna_iOS.framework */ = {isa = PBXFileReference; explicitFileType = wrapper.framework; includeInIndex = 0; path = Pods_Cardna_iOS.framework; sourceTree = BUILT_PRODUCTS_DIR; };
		BAB2994FD7900731A20D87FA /* Pods-Cardna-iOS.release.xcconfig */ = {isa = PBXFileReference; includeInIndex = 1; lastKnownFileType = text.xcconfig; name = "Pods-Cardna-iOS.release.xcconfig"; path = "Target Support Files/Pods-Cardna-iOS/Pods-Cardna-iOS.release.xcconfig"; sourceTree = "<group>"; };
/* End PBXFileReference section */

/* Begin PBXFrameworksBuildPhase section */
		15C51AE7278AB2F0001E1F6F /* Frameworks */ = {
			isa = PBXFrameworksBuildPhase;
			buildActionMask = 2147483647;
			files = (
				294375D6BD6AACBECF5E84B0 /* Pods_Cardna_iOS.framework in Frameworks */,
			);
			runOnlyForDeploymentPostprocessing = 0;
		};
/* End PBXFrameworksBuildPhase section */

/* Begin PBXGroup section */
		15582F3C278D7AAA00C38614 /* AppSources */ = {
			isa = PBXGroup;
			children = (
				15582F3D278D7AB600C38614 /* AppXibs */,
			);
			path = AppSources;
			sourceTree = "<group>";
		};
		15582F3D278D7AB600C38614 /* AppXibs */ = {
			isa = PBXGroup;
			children = (
				15582F3E278D7B2400C38614 /* CardCollectionViewCell.swift */,
				15582F3F278D7B2400C38614 /* CardCollectionViewCell.xib */,
			);
			path = AppXibs;
			sourceTree = "<group>";
		};
		15A6EEAD278ECB05006EA23C /* CardDetail */ = {
			isa = PBXGroup;
			children = (
				15A6EEAF278ECB2A006EA23C /* CardDetail.storyboard */,
				15A6EEB1278ECB42006EA23C /* CardDetailViewController.swift */,
			);
			path = CardDetail;
			sourceTree = "<group>";
		};
		15BCB21C278EA4BC005E6D98 /* Extensions */ = {
			isa = PBXGroup;
			children = (
				15BCB21D278EA4E9005E6D98 /* HomeViewController+Extension.swift */,
			);
			path = Extensions;
			sourceTree = "<group>";
		};
		15C51AE1278AB2F0001E1F6F = {
			isa = PBXGroup;
			children = (
				15C51AEC278AB2F0001E1F6F /* Cardna-iOS */,
				15C51AEB278AB2F0001E1F6F /* Products */,
				4B4CC109876C5FE080B66C2D /* Pods */,
				ECEBD127D549C3142E0DC5A4 /* Frameworks */,
			);
			sourceTree = "<group>";
		};
		15C51AEB278AB2F0001E1F6F /* Products */ = {
			isa = PBXGroup;
			children = (
				15C51AEA278AB2F0001E1F6F /* Cardna-iOS.app */,
			);
			name = Products;
			sourceTree = "<group>";
		};
		15C51AEC278AB2F0001E1F6F /* Cardna-iOS */ = {
			isa = PBXGroup;
			children = (
				15C51B01278AB576001E1F6F /* Configuration */,
				15C51B07278AC1F2001E1F6F /* Source */,
				15C51AFB278AB2F1001E1F6F /* Info.plist */,
			);
			path = "Cardna-iOS";
			sourceTree = "<group>";
		};
		15C51B01278AB576001E1F6F /* Configuration */ = {
			isa = PBXGroup;
			children = (
				15C51B23278ACB79001E1F6F /* Resources */,
				15C51B22278ACB6F001E1F6F /* Supports */,
				15C51B1F278ACA39001E1F6F /* AppExtensions */,
				15C51B02278AB584001E1F6F /* Constants */,
			);
			path = Configuration;
			sourceTree = "<group>";
		};
		15C51B02278AB584001E1F6F /* Constants */ = {
			isa = PBXGroup;
			children = (
				15C51B03278AB591001E1F6F /* Const.swift */,
				15C51B05278AB7DB001E1F6F /* Image.swift */,
			);
			path = Constants;
			sourceTree = "<group>";
		};
		15C51B07278AC1F2001E1F6F /* Source */ = {
			isa = PBXGroup;
			children = (
				15582F3C278D7AAA00C38614 /* AppSources */,
				15C51B08278AC200001E1F6F /* Scene */,
			);
			path = Source;
			sourceTree = "<group>";
		};
		15C51B08278AC200001E1F6F /* Scene */ = {
			isa = PBXGroup;
			children = (
				15C51AF3278AB2F0001E1F6F /* Main.storyboard */,
				15C51B09278AC2C5001E1F6F /* MainTabBarController.swift */,
				15C51B0B278AC3E1001E1F6F /* Home */,
				15A6EEAD278ECB05006EA23C /* CardDetail */,
				15C51B0C278AC3EA001E1F6F /* Card */,
				15C51B0D278AC3F9001E1F6F /* Insight */,
				15C51B0E278AC408001E1F6F /* MyPage */,
			);
			path = Scene;
			sourceTree = "<group>";
		};
		15C51B0B278AC3E1001E1F6F /* Home */ = {
			isa = PBXGroup;
			children = (
				15BCB21C278EA4BC005E6D98 /* Extensions */,
				15C51B0F278AC41A001E1F6F /* Home.storyboard */,
				15C51B11278AC426001E1F6F /* HomeViewController.swift */,
			);
			path = Home;
			sourceTree = "<group>";
		};
		15C51B0C278AC3EA001E1F6F /* Card */ = {
			isa = PBXGroup;
			children = (
				15C51B13278AC42C001E1F6F /* Card.storyboard */,
				15C51B15278AC433001E1F6F /* CardViewController.swift */,
				9887523D278D7F3C006018AE /* CardBottomSheet.storyboard */,
				9887523F278D7F62006018AE /* CardBottomSheetViewController.swift */,
			);
			path = Card;
			sourceTree = "<group>";
		};
		15C51B0D278AC3F9001E1F6F /* Insight */ = {
			isa = PBXGroup;
			children = (
				15C51B17278AC43E001E1F6F /* Insight.storyboard */,
				15C51B19278AC445001E1F6F /* InsightViewController.swift */,
			);
			path = Insight;
			sourceTree = "<group>";
		};
		15C51B0E278AC408001E1F6F /* MyPage */ = {
			isa = PBXGroup;
			children = (
				15C51B1B278AC44B001E1F6F /* MyPage.storyboard */,
				15C51B1D278AC456001E1F6F /* MyPageViewController.swift */,
			);
			path = MyPage;
			sourceTree = "<group>";
		};
		15C51B1F278ACA39001E1F6F /* AppExtensions */ = {
			isa = PBXGroup;
			children = (
				15C51B20278ACA52001E1F6F /* UIColor+.swift */,
				15C51B2E278C997F001E1F6F /* UIFont+.swift */,
				98938427278D8F4D00ACDC06 /* UIView+.swift */,
				15A6EEB3278F1023006EA23C /* String+.swift */,
			);
			path = AppExtensions;
			sourceTree = "<group>";
		};
		15C51B22278ACB6F001E1F6F /* Supports */ = {
			isa = PBXGroup;
			children = (
				15C51AEF278AB2F0001E1F6F /* SceneDelegate.swift */,
				15C51AED278AB2F0001E1F6F /* AppDelegate.swift */,
			);
			path = Supports;
			sourceTree = "<group>";
		};
		15C51B23278ACB79001E1F6F /* Resources */ = {
			isa = PBXGroup;
			children = (
				15C51B25278C9879001E1F6F /* Font */,
				15C51AF8278AB2F1001E1F6F /* LaunchScreen.storyboard */,
				15C51AF6278AB2F1001E1F6F /* Assets.xcassets */,
			);
			path = Resources;
			sourceTree = "<group>";
		};
		15C51B25278C9879001E1F6F /* Font */ = {
			isa = PBXGroup;
			children = (
				15C51B28278C98B1001E1F6F /* Pretendard-Light.otf */,
				15C51B29278C98B1001E1F6F /* Pretendard-Regular.otf */,
				15C51B2A278C98B1001E1F6F /* Pretendard-SemiBold.otf */,
			);
			path = Font;
			sourceTree = "<group>";
		};
		4B4CC109876C5FE080B66C2D /* Pods */ = {
			isa = PBXGroup;
			children = (
				6A0B93B9268C3525FEDB692F /* Pods-Cardna-iOS.debug.xcconfig */,
				BAB2994FD7900731A20D87FA /* Pods-Cardna-iOS.release.xcconfig */,
			);
			path = Pods;
			sourceTree = "<group>";
		};
		ECEBD127D549C3142E0DC5A4 /* Frameworks */ = {
			isa = PBXGroup;
			children = (
				B4C0822BAC8326FEE39E766B /* Pods_Cardna_iOS.framework */,
			);
			name = Frameworks;
			sourceTree = "<group>";
		};
/* End PBXGroup section */

/* Begin PBXNativeTarget section */
		15C51AE9278AB2F0001E1F6F /* Cardna-iOS */ = {
			isa = PBXNativeTarget;
			buildConfigurationList = 15C51AFE278AB2F1001E1F6F /* Build configuration list for PBXNativeTarget "Cardna-iOS" */;
			buildPhases = (
				94C51C8F8C912385D2230C6D /* [CP] Check Pods Manifest.lock */,
				15C51AE6278AB2F0001E1F6F /* Sources */,
				15C51AE7278AB2F0001E1F6F /* Frameworks */,
				15C51AE8278AB2F0001E1F6F /* Resources */,
				6C5790F9412D37482C533455 /* [CP] Embed Pods Frameworks */,
			);
			buildRules = (
			);
			dependencies = (
			);
			name = "Cardna-iOS";
			productName = "Cardna-iOS";
			productReference = 15C51AEA278AB2F0001E1F6F /* Cardna-iOS.app */;
			productType = "com.apple.product-type.application";
		};
/* End PBXNativeTarget section */

/* Begin PBXProject section */
		15C51AE2278AB2F0001E1F6F /* Project object */ = {
			isa = PBXProject;
			attributes = {
				BuildIndependentTargetsInParallel = 1;
				LastSwiftUpdateCheck = 1310;
				LastUpgradeCheck = 1310;
				TargetAttributes = {
					15C51AE9278AB2F0001E1F6F = {
						CreatedOnToolsVersion = 13.1;
					};
				};
			};
			buildConfigurationList = 15C51AE5278AB2F0001E1F6F /* Build configuration list for PBXProject "Cardna-iOS" */;
			compatibilityVersion = "Xcode 13.0";
			developmentRegion = en;
			hasScannedForEncodings = 0;
			knownRegions = (
				en,
				Base,
			);
			mainGroup = 15C51AE1278AB2F0001E1F6F;
			productRefGroup = 15C51AEB278AB2F0001E1F6F /* Products */;
			projectDirPath = "";
			projectRoot = "";
			targets = (
				15C51AE9278AB2F0001E1F6F /* Cardna-iOS */,
			);
		};
/* End PBXProject section */

/* Begin PBXResourcesBuildPhase section */
		15C51AE8278AB2F0001E1F6F /* Resources */ = {
			isa = PBXResourcesBuildPhase;
			buildActionMask = 2147483647;
			files = (
				15C51AFA278AB2F1001E1F6F /* LaunchScreen.storyboard in Resources */,
				15C51B2B278C98B1001E1F6F /* Pretendard-Light.otf in Resources */,
				15C51B14278AC42C001E1F6F /* Card.storyboard in Resources */,
				15C51AF7278AB2F1001E1F6F /* Assets.xcassets in Resources */,
				15C51B2C278C98B1001E1F6F /* Pretendard-Regular.otf in Resources */,
				15A6EEB0278ECB2A006EA23C /* CardDetail.storyboard in Resources */,
				15582F41278D7B2400C38614 /* CardCollectionViewCell.xib in Resources */,
				15C51AF5278AB2F0001E1F6F /* Main.storyboard in Resources */,
				15C51B1C278AC44B001E1F6F /* MyPage.storyboard in Resources */,
				9887523E278D7F3C006018AE /* CardBottomSheet.storyboard in Resources */,
				15C51B2D278C98B1001E1F6F /* Pretendard-SemiBold.otf in Resources */,
				15C51B10278AC41A001E1F6F /* Home.storyboard in Resources */,
				15C51B18278AC43E001E1F6F /* Insight.storyboard in Resources */,
			);
			runOnlyForDeploymentPostprocessing = 0;
		};
/* End PBXResourcesBuildPhase section */

/* Begin PBXShellScriptBuildPhase section */
		6C5790F9412D37482C533455 /* [CP] Embed Pods Frameworks */ = {
			isa = PBXShellScriptBuildPhase;
			buildActionMask = 2147483647;
			files = (
			);
			inputFileListPaths = (
				"${PODS_ROOT}/Target Support Files/Pods-Cardna-iOS/Pods-Cardna-iOS-frameworks-${CONFIGURATION}-input-files.xcfilelist",
			);
			name = "[CP] Embed Pods Frameworks";
			outputFileListPaths = (
				"${PODS_ROOT}/Target Support Files/Pods-Cardna-iOS/Pods-Cardna-iOS-frameworks-${CONFIGURATION}-output-files.xcfilelist",
			);
			runOnlyForDeploymentPostprocessing = 0;
			shellPath = /bin/sh;
			shellScript = "\"${PODS_ROOT}/Target Support Files/Pods-Cardna-iOS/Pods-Cardna-iOS-frameworks.sh\"\n";
			showEnvVarsInLog = 0;
		};
		94C51C8F8C912385D2230C6D /* [CP] Check Pods Manifest.lock */ = {
			isa = PBXShellScriptBuildPhase;
			buildActionMask = 2147483647;
			files = (
			);
			inputFileListPaths = (
			);
			inputPaths = (
				"${PODS_PODFILE_DIR_PATH}/Podfile.lock",
				"${PODS_ROOT}/Manifest.lock",
			);
			name = "[CP] Check Pods Manifest.lock";
			outputFileListPaths = (
			);
			outputPaths = (
				"$(DERIVED_FILE_DIR)/Pods-Cardna-iOS-checkManifestLockResult.txt",
			);
			runOnlyForDeploymentPostprocessing = 0;
			shellPath = /bin/sh;
			shellScript = "diff \"${PODS_PODFILE_DIR_PATH}/Podfile.lock\" \"${PODS_ROOT}/Manifest.lock\" > /dev/null\nif [ $? != 0 ] ; then\n    # print error to STDERR\n    echo \"error: The sandbox is not in sync with the Podfile.lock. Run 'pod install' or update your CocoaPods installation.\" >&2\n    exit 1\nfi\n# This output is used by Xcode 'outputs' to avoid re-running this script phase.\necho \"SUCCESS\" > \"${SCRIPT_OUTPUT_FILE_0}\"\n";
			showEnvVarsInLog = 0;
		};
/* End PBXShellScriptBuildPhase section */

/* Begin PBXSourcesBuildPhase section */
		15C51AE6278AB2F0001E1F6F /* Sources */ = {
			isa = PBXSourcesBuildPhase;
			buildActionMask = 2147483647;
			files = (
				15C51B2F278C997F001E1F6F /* UIFont+.swift in Sources */,
				15C51B04278AB591001E1F6F /* Const.swift in Sources */,
				15C51B1E278AC456001E1F6F /* MyPageViewController.swift in Sources */,
				15C51B16278AC433001E1F6F /* CardViewController.swift in Sources */,
				15582F40278D7B2400C38614 /* CardCollectionViewCell.swift in Sources */,
				15A6EEB2278ECB42006EA23C /* CardDetailViewController.swift in Sources */,
				15BCB21E278EA4E9005E6D98 /* HomeViewController+Extension.swift in Sources */,
				15C51AEE278AB2F0001E1F6F /* AppDelegate.swift in Sources */,
				15C51B1A278AC445001E1F6F /* InsightViewController.swift in Sources */,
				15C51B0A278AC2C5001E1F6F /* MainTabBarController.swift in Sources */,
				15C51AF0278AB2F0001E1F6F /* SceneDelegate.swift in Sources */,
				15C51B06278AB7DB001E1F6F /* Image.swift in Sources */,
				98938428278D8F4D00ACDC06 /* UIView+.swift in Sources */,
				98875240278D7F62006018AE /* CardBottomSheetViewController.swift in Sources */,
				15A6EEB4278F1023006EA23C /* String+.swift in Sources */,
				15C51B12278AC426001E1F6F /* HomeViewController.swift in Sources */,
				15C51B21278ACA52001E1F6F /* UIColor+.swift in Sources */,
			);
			runOnlyForDeploymentPostprocessing = 0;
		};
/* End PBXSourcesBuildPhase section */

/* Begin PBXVariantGroup section */
		15C51AF3278AB2F0001E1F6F /* Main.storyboard */ = {
			isa = PBXVariantGroup;
			children = (
				15C51AF4278AB2F0001E1F6F /* Base */,
			);
			name = Main.storyboard;
			sourceTree = "<group>";
		};
		15C51AF8278AB2F1001E1F6F /* LaunchScreen.storyboard */ = {
			isa = PBXVariantGroup;
			children = (
				15C51AF9278AB2F1001E1F6F /* Base */,
			);
			name = LaunchScreen.storyboard;
			sourceTree = "<group>";
		};
/* End PBXVariantGroup section */

/* Begin XCBuildConfiguration section */
		15C51AFC278AB2F1001E1F6F /* Debug */ = {
			isa = XCBuildConfiguration;
			buildSettings = {
				ALWAYS_SEARCH_USER_PATHS = NO;
				CLANG_ANALYZER_NONNULL = YES;
				CLANG_ANALYZER_NUMBER_OBJECT_CONVERSION = YES_AGGRESSIVE;
				CLANG_CXX_LANGUAGE_STANDARD = "gnu++17";
				CLANG_CXX_LIBRARY = "libc++";
				CLANG_ENABLE_MODULES = YES;
				CLANG_ENABLE_OBJC_ARC = YES;
				CLANG_ENABLE_OBJC_WEAK = YES;
				CLANG_WARN_BLOCK_CAPTURE_AUTORELEASING = YES;
				CLANG_WARN_BOOL_CONVERSION = YES;
				CLANG_WARN_COMMA = YES;
				CLANG_WARN_CONSTANT_CONVERSION = YES;
				CLANG_WARN_DEPRECATED_OBJC_IMPLEMENTATIONS = YES;
				CLANG_WARN_DIRECT_OBJC_ISA_USAGE = YES_ERROR;
				CLANG_WARN_DOCUMENTATION_COMMENTS = YES;
				CLANG_WARN_EMPTY_BODY = YES;
				CLANG_WARN_ENUM_CONVERSION = YES;
				CLANG_WARN_INFINITE_RECURSION = YES;
				CLANG_WARN_INT_CONVERSION = YES;
				CLANG_WARN_NON_LITERAL_NULL_CONVERSION = YES;
				CLANG_WARN_OBJC_IMPLICIT_RETAIN_SELF = YES;
				CLANG_WARN_OBJC_LITERAL_CONVERSION = YES;
				CLANG_WARN_OBJC_ROOT_CLASS = YES_ERROR;
				CLANG_WARN_QUOTED_INCLUDE_IN_FRAMEWORK_HEADER = YES;
				CLANG_WARN_RANGE_LOOP_ANALYSIS = YES;
				CLANG_WARN_STRICT_PROTOTYPES = YES;
				CLANG_WARN_SUSPICIOUS_MOVE = YES;
				CLANG_WARN_UNGUARDED_AVAILABILITY = YES_AGGRESSIVE;
				CLANG_WARN_UNREACHABLE_CODE = YES;
				CLANG_WARN__DUPLICATE_METHOD_MATCH = YES;
				COPY_PHASE_STRIP = NO;
				DEBUG_INFORMATION_FORMAT = dwarf;
				ENABLE_STRICT_OBJC_MSGSEND = YES;
				ENABLE_TESTABILITY = YES;
				GCC_C_LANGUAGE_STANDARD = gnu11;
				GCC_DYNAMIC_NO_PIC = NO;
				GCC_NO_COMMON_BLOCKS = YES;
				GCC_OPTIMIZATION_LEVEL = 0;
				GCC_PREPROCESSOR_DEFINITIONS = (
					"DEBUG=1",
					"$(inherited)",
				);
				GCC_WARN_64_TO_32_BIT_CONVERSION = YES;
				GCC_WARN_ABOUT_RETURN_TYPE = YES_ERROR;
				GCC_WARN_UNDECLARED_SELECTOR = YES;
				GCC_WARN_UNINITIALIZED_AUTOS = YES_AGGRESSIVE;
				GCC_WARN_UNUSED_FUNCTION = YES;
				GCC_WARN_UNUSED_VARIABLE = YES;
				IPHONEOS_DEPLOYMENT_TARGET = 15.0;
				MTL_ENABLE_DEBUG_INFO = INCLUDE_SOURCE;
				MTL_FAST_MATH = YES;
				ONLY_ACTIVE_ARCH = YES;
				SDKROOT = iphoneos;
				SWIFT_ACTIVE_COMPILATION_CONDITIONS = DEBUG;
				SWIFT_OPTIMIZATION_LEVEL = "-Onone";
			};
			name = Debug;
		};
		15C51AFD278AB2F1001E1F6F /* Release */ = {
			isa = XCBuildConfiguration;
			buildSettings = {
				ALWAYS_SEARCH_USER_PATHS = NO;
				CLANG_ANALYZER_NONNULL = YES;
				CLANG_ANALYZER_NUMBER_OBJECT_CONVERSION = YES_AGGRESSIVE;
				CLANG_CXX_LANGUAGE_STANDARD = "gnu++17";
				CLANG_CXX_LIBRARY = "libc++";
				CLANG_ENABLE_MODULES = YES;
				CLANG_ENABLE_OBJC_ARC = YES;
				CLANG_ENABLE_OBJC_WEAK = YES;
				CLANG_WARN_BLOCK_CAPTURE_AUTORELEASING = YES;
				CLANG_WARN_BOOL_CONVERSION = YES;
				CLANG_WARN_COMMA = YES;
				CLANG_WARN_CONSTANT_CONVERSION = YES;
				CLANG_WARN_DEPRECATED_OBJC_IMPLEMENTATIONS = YES;
				CLANG_WARN_DIRECT_OBJC_ISA_USAGE = YES_ERROR;
				CLANG_WARN_DOCUMENTATION_COMMENTS = YES;
				CLANG_WARN_EMPTY_BODY = YES;
				CLANG_WARN_ENUM_CONVERSION = YES;
				CLANG_WARN_INFINITE_RECURSION = YES;
				CLANG_WARN_INT_CONVERSION = YES;
				CLANG_WARN_NON_LITERAL_NULL_CONVERSION = YES;
				CLANG_WARN_OBJC_IMPLICIT_RETAIN_SELF = YES;
				CLANG_WARN_OBJC_LITERAL_CONVERSION = YES;
				CLANG_WARN_OBJC_ROOT_CLASS = YES_ERROR;
				CLANG_WARN_QUOTED_INCLUDE_IN_FRAMEWORK_HEADER = YES;
				CLANG_WARN_RANGE_LOOP_ANALYSIS = YES;
				CLANG_WARN_STRICT_PROTOTYPES = YES;
				CLANG_WARN_SUSPICIOUS_MOVE = YES;
				CLANG_WARN_UNGUARDED_AVAILABILITY = YES_AGGRESSIVE;
				CLANG_WARN_UNREACHABLE_CODE = YES;
				CLANG_WARN__DUPLICATE_METHOD_MATCH = YES;
				COPY_PHASE_STRIP = NO;
				DEBUG_INFORMATION_FORMAT = "dwarf-with-dsym";
				ENABLE_NS_ASSERTIONS = NO;
				ENABLE_STRICT_OBJC_MSGSEND = YES;
				GCC_C_LANGUAGE_STANDARD = gnu11;
				GCC_NO_COMMON_BLOCKS = YES;
				GCC_WARN_64_TO_32_BIT_CONVERSION = YES;
				GCC_WARN_ABOUT_RETURN_TYPE = YES_ERROR;
				GCC_WARN_UNDECLARED_SELECTOR = YES;
				GCC_WARN_UNINITIALIZED_AUTOS = YES_AGGRESSIVE;
				GCC_WARN_UNUSED_FUNCTION = YES;
				GCC_WARN_UNUSED_VARIABLE = YES;
				IPHONEOS_DEPLOYMENT_TARGET = 15.0;
				MTL_ENABLE_DEBUG_INFO = NO;
				MTL_FAST_MATH = YES;
				SDKROOT = iphoneos;
				SWIFT_COMPILATION_MODE = wholemodule;
				SWIFT_OPTIMIZATION_LEVEL = "-O";
				VALIDATE_PRODUCT = YES;
			};
			name = Release;
		};
		15C51AFF278AB2F1001E1F6F /* Debug */ = {
			isa = XCBuildConfiguration;
			baseConfigurationReference = 6A0B93B9268C3525FEDB692F /* Pods-Cardna-iOS.debug.xcconfig */;
			buildSettings = {
				ASSETCATALOG_COMPILER_APPICON_NAME = AppIcon;
				ASSETCATALOG_COMPILER_GLOBAL_ACCENT_COLOR_NAME = AccentColor;
				CODE_SIGN_STYLE = Automatic;
				CURRENT_PROJECT_VERSION = 1;
				GENERATE_INFOPLIST_FILE = YES;
				INFOPLIST_FILE = "Cardna-iOS/Info.plist";
				INFOPLIST_KEY_UIApplicationSupportsIndirectInputEvents = YES;
				INFOPLIST_KEY_UILaunchStoryboardName = LaunchScreen;
				INFOPLIST_KEY_UIMainStoryboardFile = Main;
				INFOPLIST_KEY_UISupportedInterfaceOrientations_iPad = "UIInterfaceOrientationPortrait UIInterfaceOrientationPortraitUpsideDown UIInterfaceOrientationLandscapeLeft UIInterfaceOrientationLandscapeRight";
				INFOPLIST_KEY_UISupportedInterfaceOrientations_iPhone = "UIInterfaceOrientationPortrait UIInterfaceOrientationLandscapeLeft UIInterfaceOrientationLandscapeRight";
				LD_RUNPATH_SEARCH_PATHS = (
					"$(inherited)",
					"@executable_path/Frameworks",
				);
				MARKETING_VERSION = 1.0;
				PRODUCT_BUNDLE_IDENTIFIER = "kimhyesu.Cardna-iOS";
				PRODUCT_NAME = "$(TARGET_NAME)";
				SWIFT_EMIT_LOC_STRINGS = YES;
				SWIFT_VERSION = 5.0;
				TARGETED_DEVICE_FAMILY = "1,2";
			};
			name = Debug;
		};
		15C51B00278AB2F1001E1F6F /* Release */ = {
			isa = XCBuildConfiguration;
			baseConfigurationReference = BAB2994FD7900731A20D87FA /* Pods-Cardna-iOS.release.xcconfig */;
			buildSettings = {
				ASSETCATALOG_COMPILER_APPICON_NAME = AppIcon;
				ASSETCATALOG_COMPILER_GLOBAL_ACCENT_COLOR_NAME = AccentColor;
				CODE_SIGN_STYLE = Automatic;
				CURRENT_PROJECT_VERSION = 1;
				GENERATE_INFOPLIST_FILE = YES;
				INFOPLIST_FILE = "Cardna-iOS/Info.plist";
				INFOPLIST_KEY_UIApplicationSupportsIndirectInputEvents = YES;
				INFOPLIST_KEY_UILaunchStoryboardName = LaunchScreen;
				INFOPLIST_KEY_UIMainStoryboardFile = Main;
				INFOPLIST_KEY_UISupportedInterfaceOrientations_iPad = "UIInterfaceOrientationPortrait UIInterfaceOrientationPortraitUpsideDown UIInterfaceOrientationLandscapeLeft UIInterfaceOrientationLandscapeRight";
				INFOPLIST_KEY_UISupportedInterfaceOrientations_iPhone = "UIInterfaceOrientationPortrait UIInterfaceOrientationLandscapeLeft UIInterfaceOrientationLandscapeRight";
				LD_RUNPATH_SEARCH_PATHS = (
					"$(inherited)",
					"@executable_path/Frameworks",
				);
				MARKETING_VERSION = 1.0;
				PRODUCT_BUNDLE_IDENTIFIER = "kimhyesu.Cardna-iOS";
				PRODUCT_NAME = "$(TARGET_NAME)";
				SWIFT_EMIT_LOC_STRINGS = YES;
				SWIFT_VERSION = 5.0;
				TARGETED_DEVICE_FAMILY = "1,2";
			};
			name = Release;
		};
/* End XCBuildConfiguration section */

/* Begin XCConfigurationList section */
		15C51AE5278AB2F0001E1F6F /* Build configuration list for PBXProject "Cardna-iOS" */ = {
			isa = XCConfigurationList;
			buildConfigurations = (
				15C51AFC278AB2F1001E1F6F /* Debug */,
				15C51AFD278AB2F1001E1F6F /* Release */,
			);
			defaultConfigurationIsVisible = 0;
			defaultConfigurationName = Release;
		};
		15C51AFE278AB2F1001E1F6F /* Build configuration list for PBXNativeTarget "Cardna-iOS" */ = {
			isa = XCConfigurationList;
			buildConfigurations = (
				15C51AFF278AB2F1001E1F6F /* Debug */,
				15C51B00278AB2F1001E1F6F /* Release */,
			);
			defaultConfigurationIsVisible = 0;
			defaultConfigurationName = Release;
		};
/* End XCConfigurationList section */
	};
	rootObject = 15C51AE2278AB2F0001E1F6F /* Project object */;
}
